// !$*UTF8*$!
{
	archiveVersion = 1;
	classes = {
	};
	objectVersion = 46;
	objects = {

/* Begin PBXBuildFile section */
		8230E24A1A24186900EFE764 /* Images.xcassets in Resources */ = {isa = PBXBuildFile; fileRef = 8230E2491A24186900EFE764 /* Images.xcassets */; };
		825880571AA426CF000C551E /* libSalesforceNetwork.a in Frameworks */ = {isa = PBXBuildFile; fileRef = 825880561AA426CF000C551E /* libSalesforceNetwork.a */; };
		827B316C19F0595B00488A75 /* Foundation.framework in Frameworks */ = {isa = PBXBuildFile; fileRef = 827B316B19F0595B00488A75 /* Foundation.framework */; };
		827B316E19F0595B00488A75 /* CoreGraphics.framework in Frameworks */ = {isa = PBXBuildFile; fileRef = 827B316D19F0595B00488A75 /* CoreGraphics.framework */; };
		827B317019F0595B00488A75 /* UIKit.framework in Frameworks */ = {isa = PBXBuildFile; fileRef = 827B316F19F0595B00488A75 /* UIKit.framework */; };
		827B317619F0595B00488A75 /* InfoPlist.strings in Resources */ = {isa = PBXBuildFile; fileRef = 827B317419F0595B00488A75 /* InfoPlist.strings */; };
		827B317819F0595B00488A75 /* main.m in Sources */ = {isa = PBXBuildFile; fileRef = 827B317719F0595B00488A75 /* main.m */; };
		827B31AC19F059D600488A75 /* AppDelegate.m in Sources */ = {isa = PBXBuildFile; fileRef = 827B31A519F059D600488A75 /* AppDelegate.m */; };
		827B31AD19F059D600488A75 /* AppDelegate+SalesforceHybridSDK.m in Sources */ = {isa = PBXBuildFile; fileRef = 827B31A719F059D600488A75 /* AppDelegate+SalesforceHybridSDK.m */; };
		827B31AE19F059D600488A75 /* InitialViewController.m in Sources */ = {isa = PBXBuildFile; fileRef = 827B31A919F059D600488A75 /* InitialViewController.m */; };
		827B31AF19F059D600488A75 /* UIApplication+SalesforceHybridSDK.m in Sources */ = {isa = PBXBuildFile; fileRef = 827B31AB19F059D600488A75 /* UIApplication+SalesforceHybridSDK.m */; };
		827B31E619F05BF400488A75 /* bootconfig.json in Copy shared www files */ = {isa = PBXBuildFile; fileRef = 827B31CB19F05AFE00488A75 /* bootconfig.json */; };
		827B31E719F05BF400488A75 /* cordova.js in Copy shared www files */ = {isa = PBXBuildFile; fileRef = 827B31C919F05ADB00488A75 /* cordova.js */; };
		827B31E919F05BF400488A75 /* error.html in Copy shared www files */ = {isa = PBXBuildFile; fileRef = 827B31E119F05B4C00488A75 /* error.html */; };
		827B31EA19F05BF400488A75 /* index.html in Copy shared www files */ = {isa = PBXBuildFile; fileRef = 827B31E219F05B4C00488A75 /* index.html */; };
		827B31EC19F05C4700488A75 /* ratchet-theme-android.css in Copy css files */ = {isa = PBXBuildFile; fileRef = 827B31CE19F05B2100488A75 /* ratchet-theme-android.css */; };
		827B31ED19F05C4700488A75 /* ratchet-theme-android.min.css in Copy css files */ = {isa = PBXBuildFile; fileRef = 827B31CF19F05B2100488A75 /* ratchet-theme-android.min.css */; };
		827B31EE19F05C4700488A75 /* ratchet-theme-ios.css in Copy css files */ = {isa = PBXBuildFile; fileRef = 827B31D019F05B2100488A75 /* ratchet-theme-ios.css */; };
		827B31EF19F05C4700488A75 /* ratchet-theme-ios.min.css in Copy css files */ = {isa = PBXBuildFile; fileRef = 827B31D119F05B2100488A75 /* ratchet-theme-ios.min.css */; };
		827B31F019F05C4700488A75 /* ratchet.css in Copy css files */ = {isa = PBXBuildFile; fileRef = 827B31D219F05B2100488A75 /* ratchet.css */; };
		827B31F119F05C4700488A75 /* ratchet.min.css in Copy css files */ = {isa = PBXBuildFile; fileRef = 827B31D319F05B2100488A75 /* ratchet.min.css */; };
		827B31F319F05C6E00488A75 /* app.js in Copy js files */ = {isa = PBXBuildFile; fileRef = 827B31D519F05B2100488A75 /* app.js */; };
		827B31F419F05C6E00488A75 /* forcetk.mobilesdk.js in Copy js files */ = {isa = PBXBuildFile; fileRef = 827B31D619F05B2100488A75 /* forcetk.mobilesdk.js */; };
		827B31F519F05C6E00488A75 /* jquery.js in Copy js files */ = {isa = PBXBuildFile; fileRef = 827B31D719F05B2100488A75 /* jquery.js */; };
		827B31F719F061FA00488A75 /* com.salesforce.plugin.oauth.js in Copy plugins files */ = {isa = PBXBuildFile; fileRef = 827B31B519F05A8B00488A75 /* com.salesforce.plugin.oauth.js */; };
		827B31F819F061FA00488A75 /* com.salesforce.plugin.sdkinfo.js in Copy plugins files */ = {isa = PBXBuildFile; fileRef = 827B31B619F05A8B00488A75 /* com.salesforce.plugin.sdkinfo.js */; };
		827B31F919F061FA00488A75 /* com.salesforce.plugin.sfaccountmanager.js in Copy plugins files */ = {isa = PBXBuildFile; fileRef = 827B31B719F05A8B00488A75 /* com.salesforce.plugin.sfaccountmanager.js */; };
		827B31FA19F061FA00488A75 /* com.salesforce.plugin.smartstore.js in Copy plugins files */ = {isa = PBXBuildFile; fileRef = 827B31B819F05A8B00488A75 /* com.salesforce.plugin.smartstore.js */; };
		827B31FB19F061FA00488A75 /* com.salesforce.plugin.smartsync.js in Copy plugins files */ = {isa = PBXBuildFile; fileRef = 827B31B919F05A8B00488A75 /* com.salesforce.plugin.smartsync.js */; };
		827B31FC19F061FA00488A75 /* com.salesforce.util.bootstrap.js in Copy plugins files */ = {isa = PBXBuildFile; fileRef = 827B31BA19F05A8B00488A75 /* com.salesforce.util.bootstrap.js */; };
		827B31FD19F061FA00488A75 /* com.salesforce.util.event.js in Copy plugins files */ = {isa = PBXBuildFile; fileRef = 827B31BB19F05A8B00488A75 /* com.salesforce.util.event.js */; };
		827B31FE19F061FA00488A75 /* com.salesforce.util.exec.js in Copy plugins files */ = {isa = PBXBuildFile; fileRef = 827B31BC19F05A8B00488A75 /* com.salesforce.util.exec.js */; };
		827B31FF19F061FA00488A75 /* com.salesforce.util.logger.js in Copy plugins files */ = {isa = PBXBuildFile; fileRef = 827B31BD19F05A8B00488A75 /* com.salesforce.util.logger.js */; };
		827B320019F061FA00488A75 /* com.salesforce.util.push.js in Copy plugins files */ = {isa = PBXBuildFile; fileRef = 827B31BE19F05A8B00488A75 /* com.salesforce.util.push.js */; };
		827B320619F064F500488A75 /* SalesforceSDKResources.bundle in Resources */ = {isa = PBXBuildFile; fileRef = 827B320419F064F500488A75 /* SalesforceSDKResources.bundle */; };
		827B320719F064F500488A75 /* Settings.bundle in Resources */ = {isa = PBXBuildFile; fileRef = 827B320519F064F500488A75 /* Settings.bundle */; };
		827B320919F0651C00488A75 /* config.xml in Resources */ = {isa = PBXBuildFile; fileRef = 827B320819F0651C00488A75 /* config.xml */; };
		827B321319F066A000488A75 /* libCordova.a in Frameworks */ = {isa = PBXBuildFile; fileRef = 827B320A19F0669F00488A75 /* libCordova.a */; };
		827B321519F066A000488A75 /* libSalesforceHybridSDK.a in Frameworks */ = {isa = PBXBuildFile; fileRef = 827B320C19F0669F00488A75 /* libSalesforceHybridSDK.a */; };
		827B321719F066A000488A75 /* libSalesforceOAuth.a in Frameworks */ = {isa = PBXBuildFile; fileRef = 827B320E19F0669F00488A75 /* libSalesforceOAuth.a */; };
		827B321819F066A000488A75 /* libSalesforceRestAPI.a in Frameworks */ = {isa = PBXBuildFile; fileRef = 827B320F19F0669F00488A75 /* libSalesforceRestAPI.a */; };
		827B321919F066A000488A75 /* libSalesforceSDKCore.a in Frameworks */ = {isa = PBXBuildFile; fileRef = 827B321019F066A000488A75 /* libSalesforceSDKCore.a */; };
		827B321A19F066A000488A75 /* libSalesforceSecurity.a in Frameworks */ = {isa = PBXBuildFile; fileRef = 827B321119F066A000488A75 /* libSalesforceSecurity.a */; };
		827B321B19F066A000488A75 /* libSmartSync.a in Frameworks */ = {isa = PBXBuildFile; fileRef = 827B321219F066A000488A75 /* libSmartSync.a */; };
		827B321D19F068A500488A75 /* ImageIO.framework in Frameworks */ = {isa = PBXBuildFile; fileRef = 827B321C19F068A500488A75 /* ImageIO.framework */; };
		827B321F19F068BD00488A75 /* libSalesforceCommonUtils.a in Frameworks */ = {isa = PBXBuildFile; fileRef = 827B321E19F068BD00488A75 /* libSalesforceCommonUtils.a */; };
		827B322519F068ED00488A75 /* libsqlcipher.a in Frameworks */ = {isa = PBXBuildFile; fileRef = 827B322419F068ED00488A75 /* libsqlcipher.a */; };
		827B322719F069DF00488A75 /* AssetsLibrary.framework in Frameworks */ = {isa = PBXBuildFile; fileRef = 827B322619F069DF00488A75 /* AssetsLibrary.framework */; };
		827B322919F06A0400488A75 /* CoreLocation.framework in Frameworks */ = {isa = PBXBuildFile; fileRef = 827B322819F06A0400488A75 /* CoreLocation.framework */; };
		827B322B19F06A2E00488A75 /* MessageUI.framework in Frameworks */ = {isa = PBXBuildFile; fileRef = 827B322A19F06A2E00488A75 /* MessageUI.framework */; };
		827B322D19F06A4E00488A75 /* SystemConfiguration.framework in Frameworks */ = {isa = PBXBuildFile; fileRef = 827B322C19F06A4E00488A75 /* SystemConfiguration.framework */; };
		827B322F19F06A7800488A75 /* MobileCoreServices.framework in Frameworks */ = {isa = PBXBuildFile; fileRef = 827B322E19F06A7800488A75 /* MobileCoreServices.framework */; };
		827B323119F06A9400488A75 /* libz.dylib in Frameworks */ = {isa = PBXBuildFile; fileRef = 827B323019F06A9400488A75 /* libz.dylib */; };
		82AF5AAD1A0DAA25006C7A4B /* cordova_plugins.js in Copy shared www files */ = {isa = PBXBuildFile; fileRef = 82AF5AAB1A0DAA05006C7A4B /* cordova_plugins.js */; };
		82AF5B041A0DAF1C006C7A4B /* CDVLogger.m in Sources */ = {isa = PBXBuildFile; fileRef = 82AF5AFE1A0DAF1C006C7A4B /* CDVLogger.m */; };
		82AF5B081A0DAF49006C7A4B /* console-via-logger.js in Copy cordova-plugin-console plugin */ = {isa = PBXBuildFile; fileRef = 82AF5B021A0DAF1C006C7A4B /* console-via-logger.js */; };
		82AF5B091A0DAF49006C7A4B /* logger.js in Copy cordova-plugin-console plugin */ = {isa = PBXBuildFile; fileRef = 82AF5B031A0DAF1C006C7A4B /* logger.js */; };
		82D53D6C1A37874F00E46F8F /* libSalesforceSDKCommon.a in Frameworks */ = {isa = PBXBuildFile; fileRef = 82D53D6B1A37874F00E46F8F /* libSalesforceSDKCommon.a */; };
/* End PBXBuildFile section */

/* Begin PBXCopyFilesBuildPhase section */
		827B31E519F05BC400488A75 /* Copy shared www files */ = {
			isa = PBXCopyFilesBuildPhase;
			buildActionMask = 2147483647;
			dstPath = www;
			dstSubfolderSpec = 7;
			files = (
				82AF5AAD1A0DAA25006C7A4B /* cordova_plugins.js in Copy shared www files */,
				827B31E619F05BF400488A75 /* bootconfig.json in Copy shared www files */,
				827B31E719F05BF400488A75 /* cordova.js in Copy shared www files */,
				827B31E919F05BF400488A75 /* error.html in Copy shared www files */,
				827B31EA19F05BF400488A75 /* index.html in Copy shared www files */,
			);
			name = "Copy shared www files";
			runOnlyForDeploymentPostprocessing = 0;
		};
		827B31EB19F05C2A00488A75 /* Copy css files */ = {
			isa = PBXCopyFilesBuildPhase;
			buildActionMask = 2147483647;
			dstPath = www/css;
			dstSubfolderSpec = 7;
			files = (
				827B31EC19F05C4700488A75 /* ratchet-theme-android.css in Copy css files */,
				827B31ED19F05C4700488A75 /* ratchet-theme-android.min.css in Copy css files */,
				827B31EE19F05C4700488A75 /* ratchet-theme-ios.css in Copy css files */,
				827B31EF19F05C4700488A75 /* ratchet-theme-ios.min.css in Copy css files */,
				827B31F019F05C4700488A75 /* ratchet.css in Copy css files */,
				827B31F119F05C4700488A75 /* ratchet.min.css in Copy css files */,
			);
			name = "Copy css files";
			runOnlyForDeploymentPostprocessing = 0;
		};
		827B31F219F05C5200488A75 /* Copy js files */ = {
			isa = PBXCopyFilesBuildPhase;
			buildActionMask = 2147483647;
			dstPath = www/js;
			dstSubfolderSpec = 7;
			files = (
				827B31F319F05C6E00488A75 /* app.js in Copy js files */,
				827B31F419F05C6E00488A75 /* forcetk.mobilesdk.js in Copy js files */,
				827B31F519F05C6E00488A75 /* jquery.js in Copy js files */,
			);
			name = "Copy js files";
			runOnlyForDeploymentPostprocessing = 0;
		};
		827B31F619F05C8600488A75 /* Copy plugins files */ = {
			isa = PBXCopyFilesBuildPhase;
			buildActionMask = 2147483647;
			dstPath = www/plugins/com.salesforce;
			dstSubfolderSpec = 7;
			files = (
				827B31F719F061FA00488A75 /* com.salesforce.plugin.oauth.js in Copy plugins files */,
				827B31F819F061FA00488A75 /* com.salesforce.plugin.sdkinfo.js in Copy plugins files */,
				827B31F919F061FA00488A75 /* com.salesforce.plugin.sfaccountmanager.js in Copy plugins files */,
				827B31FA19F061FA00488A75 /* com.salesforce.plugin.smartstore.js in Copy plugins files */,
				827B31FB19F061FA00488A75 /* com.salesforce.plugin.smartsync.js in Copy plugins files */,
				827B31FC19F061FA00488A75 /* com.salesforce.util.bootstrap.js in Copy plugins files */,
				827B31FD19F061FA00488A75 /* com.salesforce.util.event.js in Copy plugins files */,
				827B31FE19F061FA00488A75 /* com.salesforce.util.exec.js in Copy plugins files */,
				827B31FF19F061FA00488A75 /* com.salesforce.util.logger.js in Copy plugins files */,
				827B320019F061FA00488A75 /* com.salesforce.util.push.js in Copy plugins files */,
			);
			name = "Copy plugins files";
			runOnlyForDeploymentPostprocessing = 0;
		};
		82AF5B071A0DAF29006C7A4B /* Copy cordova-plugin-console plugin */ = {
			isa = PBXCopyFilesBuildPhase;
			buildActionMask = 2147483647;
			dstPath = www/plugins/org.apache.cordova.console/www;
			dstSubfolderSpec = 7;
			files = (
				82AF5B081A0DAF49006C7A4B /* console-via-logger.js in Copy cordova-plugin-console plugin */,
				82AF5B091A0DAF49006C7A4B /* logger.js in Copy cordova-plugin-console plugin */,
			);
			name = "Copy cordova-plugin-console plugin";
			runOnlyForDeploymentPostprocessing = 0;
		};
/* End PBXCopyFilesBuildPhase section */

/* Begin PBXFileReference section */
		8230E2491A24186900EFE764 /* Images.xcassets */ = {isa = PBXFileReference; lastKnownFileType = folder.assetcatalog; name = Images.xcassets; path = ../../../../shared/resources/Images.xcassets; sourceTree = "<group>"; };
		825880561AA426CF000C551E /* libSalesforceNetwork.a */ = {isa = PBXFileReference; lastKnownFileType = archive.ar; name = libSalesforceNetwork.a; path = libSalesforceNetwork.a; sourceTree = BUILT_PRODUCTS_DIR; };
		827B316819F0595B00488A75 /* UserList.app */ = {isa = PBXFileReference; explicitFileType = wrapper.application; includeInIndex = 0; path = UserList.app; sourceTree = BUILT_PRODUCTS_DIR; };
		827B316B19F0595B00488A75 /* Foundation.framework */ = {isa = PBXFileReference; lastKnownFileType = wrapper.framework; name = Foundation.framework; path = System/Library/Frameworks/Foundation.framework; sourceTree = SDKROOT; };
		827B316D19F0595B00488A75 /* CoreGraphics.framework */ = {isa = PBXFileReference; lastKnownFileType = wrapper.framework; name = CoreGraphics.framework; path = System/Library/Frameworks/CoreGraphics.framework; sourceTree = SDKROOT; };
		827B316F19F0595B00488A75 /* UIKit.framework */ = {isa = PBXFileReference; lastKnownFileType = wrapper.framework; name = UIKit.framework; path = System/Library/Frameworks/UIKit.framework; sourceTree = SDKROOT; };
		827B317319F0595B00488A75 /* UserList-Info.plist */ = {isa = PBXFileReference; lastKnownFileType = text.plist.xml; path = "UserList-Info.plist"; sourceTree = "<group>"; };
		827B317519F0595B00488A75 /* en */ = {isa = PBXFileReference; lastKnownFileType = text.plist.strings; name = en; path = en.lproj/InfoPlist.strings; sourceTree = "<group>"; };
		827B317719F0595B00488A75 /* main.m */ = {isa = PBXFileReference; lastKnownFileType = sourcecode.c.objc; path = main.m; sourceTree = "<group>"; };
		827B317919F0595B00488A75 /* UserList-Prefix.pch */ = {isa = PBXFileReference; lastKnownFileType = sourcecode.c.h; path = "UserList-Prefix.pch"; sourceTree = "<group>"; };
		827B318D19F0595C00488A75 /* XCTest.framework */ = {isa = PBXFileReference; lastKnownFileType = wrapper.framework; name = XCTest.framework; path = Library/Frameworks/XCTest.framework; sourceTree = DEVELOPER_DIR; };
		827B31A419F059D600488A75 /* AppDelegate.h */ = {isa = PBXFileReference; fileEncoding = 4; lastKnownFileType = sourcecode.c.h; name = AppDelegate.h; path = ../../../../shared/hybrid/AppDelegate.h; sourceTree = "<group>"; };
		827B31A519F059D600488A75 /* AppDelegate.m */ = {isa = PBXFileReference; fileEncoding = 4; lastKnownFileType = sourcecode.c.objc; name = AppDelegate.m; path = ../../../../shared/hybrid/AppDelegate.m; sourceTree = "<group>"; };
		827B31A619F059D600488A75 /* AppDelegate+SalesforceHybridSDK.h */ = {isa = PBXFileReference; fileEncoding = 4; lastKnownFileType = sourcecode.c.h; name = "AppDelegate+SalesforceHybridSDK.h"; path = "../../../../shared/hybrid/AppDelegate+SalesforceHybridSDK.h"; sourceTree = "<group>"; };
		827B31A719F059D600488A75 /* AppDelegate+SalesforceHybridSDK.m */ = {isa = PBXFileReference; fileEncoding = 4; lastKnownFileType = sourcecode.c.objc; name = "AppDelegate+SalesforceHybridSDK.m"; path = "../../../../shared/hybrid/AppDelegate+SalesforceHybridSDK.m"; sourceTree = "<group>"; };
		827B31A819F059D600488A75 /* InitialViewController.h */ = {isa = PBXFileReference; fileEncoding = 4; lastKnownFileType = sourcecode.c.h; name = InitialViewController.h; path = ../../../../shared/hybrid/InitialViewController.h; sourceTree = "<group>"; };
		827B31A919F059D600488A75 /* InitialViewController.m */ = {isa = PBXFileReference; fileEncoding = 4; lastKnownFileType = sourcecode.c.objc; name = InitialViewController.m; path = ../../../../shared/hybrid/InitialViewController.m; sourceTree = "<group>"; };
		827B31AA19F059D600488A75 /* UIApplication+SalesforceHybridSDK.h */ = {isa = PBXFileReference; fileEncoding = 4; lastKnownFileType = sourcecode.c.h; name = "UIApplication+SalesforceHybridSDK.h"; path = "../../../../shared/hybrid/UIApplication+SalesforceHybridSDK.h"; sourceTree = "<group>"; };
		827B31AB19F059D600488A75 /* UIApplication+SalesforceHybridSDK.m */ = {isa = PBXFileReference; fileEncoding = 4; lastKnownFileType = sourcecode.c.objc; name = "UIApplication+SalesforceHybridSDK.m"; path = "../../../../shared/hybrid/UIApplication+SalesforceHybridSDK.m"; sourceTree = "<group>"; };
		827B31B519F05A8B00488A75 /* com.salesforce.plugin.oauth.js */ = {isa = PBXFileReference; fileEncoding = 4; lastKnownFileType = sourcecode.javascript; name = com.salesforce.plugin.oauth.js; path = ../../../../external/shared/gen/plugins_with_define/com.salesforce/com.salesforce.plugin.oauth.js; sourceTree = "<group>"; };
		827B31B619F05A8B00488A75 /* com.salesforce.plugin.sdkinfo.js */ = {isa = PBXFileReference; fileEncoding = 4; lastKnownFileType = sourcecode.javascript; name = com.salesforce.plugin.sdkinfo.js; path = ../../../../external/shared/gen/plugins_with_define/com.salesforce/com.salesforce.plugin.sdkinfo.js; sourceTree = "<group>"; };
		827B31B719F05A8B00488A75 /* com.salesforce.plugin.sfaccountmanager.js */ = {isa = PBXFileReference; fileEncoding = 4; lastKnownFileType = sourcecode.javascript; name = com.salesforce.plugin.sfaccountmanager.js; path = ../../../../external/shared/gen/plugins_with_define/com.salesforce/com.salesforce.plugin.sfaccountmanager.js; sourceTree = "<group>"; };
		827B31B819F05A8B00488A75 /* com.salesforce.plugin.smartstore.js */ = {isa = PBXFileReference; fileEncoding = 4; lastKnownFileType = sourcecode.javascript; name = com.salesforce.plugin.smartstore.js; path = ../../../../external/shared/gen/plugins_with_define/com.salesforce/com.salesforce.plugin.smartstore.js; sourceTree = "<group>"; };
		827B31B919F05A8B00488A75 /* com.salesforce.plugin.smartsync.js */ = {isa = PBXFileReference; fileEncoding = 4; lastKnownFileType = sourcecode.javascript; name = com.salesforce.plugin.smartsync.js; path = ../../../../external/shared/gen/plugins_with_define/com.salesforce/com.salesforce.plugin.smartsync.js; sourceTree = "<group>"; };
		827B31BA19F05A8B00488A75 /* com.salesforce.util.bootstrap.js */ = {isa = PBXFileReference; fileEncoding = 4; lastKnownFileType = sourcecode.javascript; name = com.salesforce.util.bootstrap.js; path = ../../../../external/shared/gen/plugins_with_define/com.salesforce/com.salesforce.util.bootstrap.js; sourceTree = "<group>"; };
		827B31BB19F05A8B00488A75 /* com.salesforce.util.event.js */ = {isa = PBXFileReference; fileEncoding = 4; lastKnownFileType = sourcecode.javascript; name = com.salesforce.util.event.js; path = ../../../../external/shared/gen/plugins_with_define/com.salesforce/com.salesforce.util.event.js; sourceTree = "<group>"; };
		827B31BC19F05A8B00488A75 /* com.salesforce.util.exec.js */ = {isa = PBXFileReference; fileEncoding = 4; lastKnownFileType = sourcecode.javascript; name = com.salesforce.util.exec.js; path = ../../../../external/shared/gen/plugins_with_define/com.salesforce/com.salesforce.util.exec.js; sourceTree = "<group>"; };
		827B31BD19F05A8B00488A75 /* com.salesforce.util.logger.js */ = {isa = PBXFileReference; fileEncoding = 4; lastKnownFileType = sourcecode.javascript; name = com.salesforce.util.logger.js; path = ../../../../external/shared/gen/plugins_with_define/com.salesforce/com.salesforce.util.logger.js; sourceTree = "<group>"; };
		827B31BE19F05A8B00488A75 /* com.salesforce.util.push.js */ = {isa = PBXFileReference; fileEncoding = 4; lastKnownFileType = sourcecode.javascript; name = com.salesforce.util.push.js; path = ../../../../external/shared/gen/plugins_with_define/com.salesforce/com.salesforce.util.push.js; sourceTree = "<group>"; };
		827B31C919F05ADB00488A75 /* cordova.js */ = {isa = PBXFileReference; fileEncoding = 4; lastKnownFileType = sourcecode.javascript; name = cordova.js; path = "../../../../external/cordova-ios/cordova-ios/CordovaLib/cordova.js"; sourceTree = "<group>"; };
		827B31CB19F05AFE00488A75 /* bootconfig.json */ = {isa = PBXFileReference; fileEncoding = 4; lastKnownFileType = text.json; name = bootconfig.json; path = ../../../../external/shared/samples/userlist/bootconfig.json; sourceTree = "<group>"; };
		827B31CE19F05B2100488A75 /* ratchet-theme-android.css */ = {isa = PBXFileReference; fileEncoding = 4; lastKnownFileType = text.css; path = "ratchet-theme-android.css"; sourceTree = "<group>"; };
		827B31CF19F05B2100488A75 /* ratchet-theme-android.min.css */ = {isa = PBXFileReference; fileEncoding = 4; lastKnownFileType = text.css; path = "ratchet-theme-android.min.css"; sourceTree = "<group>"; };
		827B31D019F05B2100488A75 /* ratchet-theme-ios.css */ = {isa = PBXFileReference; fileEncoding = 4; lastKnownFileType = text.css; path = "ratchet-theme-ios.css"; sourceTree = "<group>"; };
		827B31D119F05B2100488A75 /* ratchet-theme-ios.min.css */ = {isa = PBXFileReference; fileEncoding = 4; lastKnownFileType = text.css; path = "ratchet-theme-ios.min.css"; sourceTree = "<group>"; };
		827B31D219F05B2100488A75 /* ratchet.css */ = {isa = PBXFileReference; fileEncoding = 4; lastKnownFileType = text.css; path = ratchet.css; sourceTree = "<group>"; };
		827B31D319F05B2100488A75 /* ratchet.min.css */ = {isa = PBXFileReference; fileEncoding = 4; lastKnownFileType = text.css; path = ratchet.min.css; sourceTree = "<group>"; };
		827B31D519F05B2100488A75 /* app.js */ = {isa = PBXFileReference; fileEncoding = 4; lastKnownFileType = sourcecode.javascript; path = app.js; sourceTree = "<group>"; };
		827B31D619F05B2100488A75 /* forcetk.mobilesdk.js */ = {isa = PBXFileReference; fileEncoding = 4; lastKnownFileType = sourcecode.javascript; path = forcetk.mobilesdk.js; sourceTree = "<group>"; };
		827B31D719F05B2100488A75 /* jquery.js */ = {isa = PBXFileReference; fileEncoding = 4; lastKnownFileType = sourcecode.javascript; path = jquery.js; sourceTree = "<group>"; };
		827B31E119F05B4C00488A75 /* error.html */ = {isa = PBXFileReference; fileEncoding = 4; lastKnownFileType = text.html; name = error.html; path = ../../../../external/shared/samples/userlist/error.html; sourceTree = "<group>"; };
		827B31E219F05B4C00488A75 /* index.html */ = {isa = PBXFileReference; fileEncoding = 4; lastKnownFileType = text.html; name = index.html; path = ../../../../external/shared/samples/userlist/index.html; sourceTree = "<group>"; };
		827B320419F064F500488A75 /* SalesforceSDKResources.bundle */ = {isa = PBXFileReference; lastKnownFileType = "wrapper.plug-in"; name = SalesforceSDKResources.bundle; path = ../../../../shared/resources/SalesforceSDKResources.bundle; sourceTree = "<group>"; };
		827B320519F064F500488A75 /* Settings.bundle */ = {isa = PBXFileReference; lastKnownFileType = "wrapper.plug-in"; name = Settings.bundle; path = ../../../../shared/resources/Settings.bundle; sourceTree = "<group>"; };
		827B320819F0651C00488A75 /* config.xml */ = {isa = PBXFileReference; fileEncoding = 4; lastKnownFileType = text.xml; name = config.xml; path = ../../../../shared/hybrid/config.xml; sourceTree = "<group>"; };
		827B320A19F0669F00488A75 /* libCordova.a */ = {isa = PBXFileReference; lastKnownFileType = archive.ar; path = libCordova.a; sourceTree = BUILT_PRODUCTS_DIR; };
		827B320C19F0669F00488A75 /* libSalesforceHybridSDK.a */ = {isa = PBXFileReference; lastKnownFileType = archive.ar; path = libSalesforceHybridSDK.a; sourceTree = BUILT_PRODUCTS_DIR; };
		827B320E19F0669F00488A75 /* libSalesforceOAuth.a */ = {isa = PBXFileReference; lastKnownFileType = archive.ar; path = libSalesforceOAuth.a; sourceTree = BUILT_PRODUCTS_DIR; };
		827B320F19F0669F00488A75 /* libSalesforceRestAPI.a */ = {isa = PBXFileReference; lastKnownFileType = archive.ar; path = libSalesforceRestAPI.a; sourceTree = BUILT_PRODUCTS_DIR; };
		827B321019F066A000488A75 /* libSalesforceSDKCore.a */ = {isa = PBXFileReference; lastKnownFileType = archive.ar; path = libSalesforceSDKCore.a; sourceTree = BUILT_PRODUCTS_DIR; };
		827B321119F066A000488A75 /* libSalesforceSecurity.a */ = {isa = PBXFileReference; lastKnownFileType = archive.ar; path = libSalesforceSecurity.a; sourceTree = BUILT_PRODUCTS_DIR; };
		827B321219F066A000488A75 /* libSmartSync.a */ = {isa = PBXFileReference; lastKnownFileType = archive.ar; path = libSmartSync.a; sourceTree = BUILT_PRODUCTS_DIR; };
		827B321C19F068A500488A75 /* ImageIO.framework */ = {isa = PBXFileReference; lastKnownFileType = wrapper.framework; name = ImageIO.framework; path = System/Library/Frameworks/ImageIO.framework; sourceTree = SDKROOT; };
		827B321E19F068BD00488A75 /* libSalesforceCommonUtils.a */ = {isa = PBXFileReference; lastKnownFileType = archive.ar; name = libSalesforceCommonUtils.a; path = ../../../external/ThirdPartyDependencies/SalesforceCommonUtils/libSalesforceCommonUtils.a; sourceTree = "<group>"; };
		827B322419F068ED00488A75 /* libsqlcipher.a */ = {isa = PBXFileReference; lastKnownFileType = archive.ar; name = libsqlcipher.a; path = ../../../external/ThirdPartyDependencies/sqlcipher/libsqlcipher.a; sourceTree = "<group>"; };
		827B322619F069DF00488A75 /* AssetsLibrary.framework */ = {isa = PBXFileReference; lastKnownFileType = wrapper.framework; name = AssetsLibrary.framework; path = System/Library/Frameworks/AssetsLibrary.framework; sourceTree = SDKROOT; };
		827B322819F06A0400488A75 /* CoreLocation.framework */ = {isa = PBXFileReference; lastKnownFileType = wrapper.framework; name = CoreLocation.framework; path = System/Library/Frameworks/CoreLocation.framework; sourceTree = SDKROOT; };
		827B322A19F06A2E00488A75 /* MessageUI.framework */ = {isa = PBXFileReference; lastKnownFileType = wrapper.framework; name = MessageUI.framework; path = System/Library/Frameworks/MessageUI.framework; sourceTree = SDKROOT; };
		827B322C19F06A4E00488A75 /* SystemConfiguration.framework */ = {isa = PBXFileReference; lastKnownFileType = wrapper.framework; name = SystemConfiguration.framework; path = System/Library/Frameworks/SystemConfiguration.framework; sourceTree = SDKROOT; };
		827B322E19F06A7800488A75 /* MobileCoreServices.framework */ = {isa = PBXFileReference; lastKnownFileType = wrapper.framework; name = MobileCoreServices.framework; path = System/Library/Frameworks/MobileCoreServices.framework; sourceTree = SDKROOT; };
		827B323019F06A9400488A75 /* libz.dylib */ = {isa = PBXFileReference; lastKnownFileType = "compiled.mach-o.dylib"; name = libz.dylib; path = usr/lib/libz.dylib; sourceTree = SDKROOT; };
		82AF5AAB1A0DAA05006C7A4B /* cordova_plugins.js */ = {isa = PBXFileReference; fileEncoding = 4; lastKnownFileType = sourcecode.javascript; name = cordova_plugins.js; path = ../../../../shared/hybrid/cordova_plugins.js; sourceTree = "<group>"; };
		82AF5AFD1A0DAF1C006C7A4B /* CDVLogger.h */ = {isa = PBXFileReference; fileEncoding = 4; lastKnownFileType = sourcecode.c.h; path = CDVLogger.h; sourceTree = "<group>"; };
		82AF5AFE1A0DAF1C006C7A4B /* CDVLogger.m */ = {isa = PBXFileReference; fileEncoding = 4; lastKnownFileType = sourcecode.c.objc; path = CDVLogger.m; sourceTree = "<group>"; };
		82AF5B021A0DAF1C006C7A4B /* console-via-logger.js */ = {isa = PBXFileReference; fileEncoding = 4; lastKnownFileType = sourcecode.javascript; path = "console-via-logger.js"; sourceTree = "<group>"; };
		82AF5B031A0DAF1C006C7A4B /* logger.js */ = {isa = PBXFileReference; fileEncoding = 4; lastKnownFileType = sourcecode.javascript; path = logger.js; sourceTree = "<group>"; };
		82D53D6B1A37874F00E46F8F /* libSalesforceSDKCommon.a */ = {isa = PBXFileReference; lastKnownFileType = archive.ar; path = libSalesforceSDKCommon.a; sourceTree = BUILT_PRODUCTS_DIR; };
/* End PBXFileReference section */

/* Begin PBXFrameworksBuildPhase section */
		827B316519F0595B00488A75 /* Frameworks */ = {
			isa = PBXFrameworksBuildPhase;
			buildActionMask = 2147483647;
			files = (
				825880571AA426CF000C551E /* libSalesforceNetwork.a in Frameworks */,
				82D53D6C1A37874F00E46F8F /* libSalesforceSDKCommon.a in Frameworks */,
				827B321319F066A000488A75 /* libCordova.a in Frameworks */,
				827B321F19F068BD00488A75 /* libSalesforceCommonUtils.a in Frameworks */,
				827B321519F066A000488A75 /* libSalesforceHybridSDK.a in Frameworks */,
				827B321719F066A000488A75 /* libSalesforceOAuth.a in Frameworks */,
				827B321819F066A000488A75 /* libSalesforceRestAPI.a in Frameworks */,
				827B321919F066A000488A75 /* libSalesforceSDKCore.a in Frameworks */,
				827B321A19F066A000488A75 /* libSalesforceSecurity.a in Frameworks */,
				827B321B19F066A000488A75 /* libSmartSync.a in Frameworks */,
				827B322519F068ED00488A75 /* libsqlcipher.a in Frameworks */,
				827B323119F06A9400488A75 /* libz.dylib in Frameworks */,
				827B322719F069DF00488A75 /* AssetsLibrary.framework in Frameworks */,
				827B316E19F0595B00488A75 /* CoreGraphics.framework in Frameworks */,
				827B322919F06A0400488A75 /* CoreLocation.framework in Frameworks */,
				827B321D19F068A500488A75 /* ImageIO.framework in Frameworks */,
				827B322B19F06A2E00488A75 /* MessageUI.framework in Frameworks */,
				827B322F19F06A7800488A75 /* MobileCoreServices.framework in Frameworks */,
				827B322D19F06A4E00488A75 /* SystemConfiguration.framework in Frameworks */,
				827B317019F0595B00488A75 /* UIKit.framework in Frameworks */,
				827B316C19F0595B00488A75 /* Foundation.framework in Frameworks */,
			);
			runOnlyForDeploymentPostprocessing = 0;
		};
/* End PBXFrameworksBuildPhase section */

/* Begin PBXGroup section */
		827B315F19F0595B00488A75 = {
			isa = PBXGroup;
			children = (
				82AF5AFB1A0DAF1C006C7A4B /* cordova-plugin-console */,
				827B317119F0595B00488A75 /* UserList */,
				827B316A19F0595B00488A75 /* Frameworks */,
				827B316919F0595B00488A75 /* Products */,
			);
			sourceTree = "<group>";
		};
		827B316919F0595B00488A75 /* Products */ = {
			isa = PBXGroup;
			children = (
				827B316819F0595B00488A75 /* UserList.app */,
			);
			name = Products;
			sourceTree = "<group>";
		};
		827B316A19F0595B00488A75 /* Frameworks */ = {
			isa = PBXGroup;
			children = (
				825880561AA426CF000C551E /* libSalesforceNetwork.a */,
				82D53D6B1A37874F00E46F8F /* libSalesforceSDKCommon.a */,
				827B322419F068ED00488A75 /* libsqlcipher.a */,
				827B321E19F068BD00488A75 /* libSalesforceCommonUtils.a */,
				827B320A19F0669F00488A75 /* libCordova.a */,
				827B320C19F0669F00488A75 /* libSalesforceHybridSDK.a */,
				827B320E19F0669F00488A75 /* libSalesforceOAuth.a */,
				827B320F19F0669F00488A75 /* libSalesforceRestAPI.a */,
				827B321019F066A000488A75 /* libSalesforceSDKCore.a */,
				827B321119F066A000488A75 /* libSalesforceSecurity.a */,
				827B321219F066A000488A75 /* libSmartSync.a */,
				827B323019F06A9400488A75 /* libz.dylib */,
				827B322619F069DF00488A75 /* AssetsLibrary.framework */,
				827B322819F06A0400488A75 /* CoreLocation.framework */,
				827B316B19F0595B00488A75 /* Foundation.framework */,
				827B321C19F068A500488A75 /* ImageIO.framework */,
				827B316D19F0595B00488A75 /* CoreGraphics.framework */,
				827B322A19F06A2E00488A75 /* MessageUI.framework */,
				827B322E19F06A7800488A75 /* MobileCoreServices.framework */,
				827B322C19F06A4E00488A75 /* SystemConfiguration.framework */,
				827B316F19F0595B00488A75 /* UIKit.framework */,
				827B318D19F0595C00488A75 /* XCTest.framework */,
			);
			name = Frameworks;
			sourceTree = "<group>";
		};
		827B317119F0595B00488A75 /* UserList */ = {
			isa = PBXGroup;
			children = (
				827B31B019F059E700488A75 /* shared-www */,
				827B31A319F059AC00488A75 /* Classes */,
				827B320119F0639F00488A75 /* Resources */,
				827B317219F0595B00488A75 /* Supporting Files */,
			);
			path = UserList;
			sourceTree = "<group>";
		};
		827B317219F0595B00488A75 /* Supporting Files */ = {
			isa = PBXGroup;
			children = (
				827B320819F0651C00488A75 /* config.xml */,
				827B317319F0595B00488A75 /* UserList-Info.plist */,
				827B317419F0595B00488A75 /* InfoPlist.strings */,
				827B317719F0595B00488A75 /* main.m */,
				827B317919F0595B00488A75 /* UserList-Prefix.pch */,
			);
			name = "Supporting Files";
			sourceTree = "<group>";
		};
		827B31A319F059AC00488A75 /* Classes */ = {
			isa = PBXGroup;
			children = (
				827B31A419F059D600488A75 /* AppDelegate.h */,
				827B31A519F059D600488A75 /* AppDelegate.m */,
				827B31A619F059D600488A75 /* AppDelegate+SalesforceHybridSDK.h */,
				827B31A719F059D600488A75 /* AppDelegate+SalesforceHybridSDK.m */,
				827B31A819F059D600488A75 /* InitialViewController.h */,
				827B31A919F059D600488A75 /* InitialViewController.m */,
				827B31AA19F059D600488A75 /* UIApplication+SalesforceHybridSDK.h */,
				827B31AB19F059D600488A75 /* UIApplication+SalesforceHybridSDK.m */,
			);
			name = Classes;
			sourceTree = "<group>";
		};
		827B31B019F059E700488A75 /* shared-www */ = {
			isa = PBXGroup;
			children = (
				827B31CD19F05B2100488A75 /* css */,
				827B31D419F05B2100488A75 /* js */,
				827B31B319F05A3B00488A75 /* plugins */,
				827B31CB19F05AFE00488A75 /* bootconfig.json */,
				827B31C919F05ADB00488A75 /* cordova.js */,
				82AF5AAB1A0DAA05006C7A4B /* cordova_plugins.js */,
				827B31E119F05B4C00488A75 /* error.html */,
				827B31E219F05B4C00488A75 /* index.html */,
			);
			name = "shared-www";
			sourceTree = "<group>";
		};
		827B31B319F05A3B00488A75 /* plugins */ = {
			isa = PBXGroup;
			children = (
				827B31B419F05A4B00488A75 /* com.salesforce */,
			);
			name = plugins;
			sourceTree = "<group>";
		};
		827B31B419F05A4B00488A75 /* com.salesforce */ = {
			isa = PBXGroup;
			children = (
				827B31B519F05A8B00488A75 /* com.salesforce.plugin.oauth.js */,
				827B31B619F05A8B00488A75 /* com.salesforce.plugin.sdkinfo.js */,
				827B31B719F05A8B00488A75 /* com.salesforce.plugin.sfaccountmanager.js */,
				827B31B819F05A8B00488A75 /* com.salesforce.plugin.smartstore.js */,
				827B31B919F05A8B00488A75 /* com.salesforce.plugin.smartsync.js */,
				827B31BA19F05A8B00488A75 /* com.salesforce.util.bootstrap.js */,
				827B31BB19F05A8B00488A75 /* com.salesforce.util.event.js */,
				827B31BC19F05A8B00488A75 /* com.salesforce.util.exec.js */,
				827B31BD19F05A8B00488A75 /* com.salesforce.util.logger.js */,
				827B31BE19F05A8B00488A75 /* com.salesforce.util.push.js */,
			);
			name = com.salesforce;
			sourceTree = "<group>";
		};
		827B31CD19F05B2100488A75 /* css */ = {
			isa = PBXGroup;
			children = (
				827B31CE19F05B2100488A75 /* ratchet-theme-android.css */,
				827B31CF19F05B2100488A75 /* ratchet-theme-android.min.css */,
				827B31D019F05B2100488A75 /* ratchet-theme-ios.css */,
				827B31D119F05B2100488A75 /* ratchet-theme-ios.min.css */,
				827B31D219F05B2100488A75 /* ratchet.css */,
				827B31D319F05B2100488A75 /* ratchet.min.css */,
			);
			name = css;
			path = ../../../../external/shared/samples/userlist/css;
			sourceTree = "<group>";
		};
		827B31D419F05B2100488A75 /* js */ = {
			isa = PBXGroup;
			children = (
				827B31D519F05B2100488A75 /* app.js */,
				827B31D619F05B2100488A75 /* forcetk.mobilesdk.js */,
				827B31D719F05B2100488A75 /* jquery.js */,
			);
			name = js;
			path = ../../../../external/shared/samples/userlist/js;
			sourceTree = "<group>";
		};
		827B320119F0639F00488A75 /* Resources */ = {
			isa = PBXGroup;
			children = (
				8230E2491A24186900EFE764 /* Images.xcassets */,
				827B320419F064F500488A75 /* SalesforceSDKResources.bundle */,
				827B320519F064F500488A75 /* Settings.bundle */,
			);
			name = Resources;
			sourceTree = "<group>";
		};
		82AF5AFB1A0DAF1C006C7A4B /* cordova-plugin-console */ = {
			isa = PBXGroup;
			children = (
				82AF5AFC1A0DAF1C006C7A4B /* Classes */,
				82AF5AFF1A0DAF1C006C7A4B /* www */,
			);
			name = "cordova-plugin-console";
			path = "../../../shared/hybrid/dependencies/plugins/cordova-plugin-console";
			sourceTree = "<group>";
		};
		82AF5AFC1A0DAF1C006C7A4B /* Classes */ = {
			isa = PBXGroup;
			children = (
				82AF5AFD1A0DAF1C006C7A4B /* CDVLogger.h */,
				82AF5AFE1A0DAF1C006C7A4B /* CDVLogger.m */,
			);
			path = Classes;
			sourceTree = "<group>";
		};
		82AF5AFF1A0DAF1C006C7A4B /* www */ = {
			isa = PBXGroup;
			children = (
				82AF5B001A0DAF1C006C7A4B /* org.apache.cordova.console */,
			);
			path = www;
			sourceTree = "<group>";
		};
		82AF5B001A0DAF1C006C7A4B /* org.apache.cordova.console */ = {
			isa = PBXGroup;
			children = (
				82AF5B011A0DAF1C006C7A4B /* www */,
			);
			path = org.apache.cordova.console;
			sourceTree = "<group>";
		};
		82AF5B011A0DAF1C006C7A4B /* www */ = {
			isa = PBXGroup;
			children = (
				82AF5B021A0DAF1C006C7A4B /* console-via-logger.js */,
				82AF5B031A0DAF1C006C7A4B /* logger.js */,
			);
			path = www;
			sourceTree = "<group>";
		};
/* End PBXGroup section */

/* Begin PBXNativeTarget section */
		827B316719F0595B00488A75 /* UserList */ = {
			isa = PBXNativeTarget;
			buildConfigurationList = 827B319D19F0595C00488A75 /* Build configuration list for PBXNativeTarget "UserList" */;
			buildPhases = (
				827B316419F0595B00488A75 /* Sources */,
				827B316519F0595B00488A75 /* Frameworks */,
				827B316619F0595B00488A75 /* Resources */,
				827B31E519F05BC400488A75 /* Copy shared www files */,
				827B31EB19F05C2A00488A75 /* Copy css files */,
				827B31F219F05C5200488A75 /* Copy js files */,
				827B31F619F05C8600488A75 /* Copy plugins files */,
				82AF5B071A0DAF29006C7A4B /* Copy cordova-plugin-console plugin */,
			);
			buildRules = (
			);
			dependencies = (
			);
			name = UserList;
			productName = UserList;
			productReference = 827B316819F0595B00488A75 /* UserList.app */;
			productType = "com.apple.product-type.application";
		};
/* End PBXNativeTarget section */

/* Begin PBXProject section */
		827B316019F0595B00488A75 /* Project object */ = {
			isa = PBXProject;
			attributes = {
				LastUpgradeCheck = 0510;
				ORGANIZATIONNAME = salesforce.com;
			};
			buildConfigurationList = 827B316319F0595B00488A75 /* Build configuration list for PBXProject "UserList" */;
			compatibilityVersion = "Xcode 3.2";
			developmentRegion = English;
			hasScannedForEncodings = 0;
			knownRegions = (
				en,
				Base,
			);
			mainGroup = 827B315F19F0595B00488A75;
			productRefGroup = 827B316919F0595B00488A75 /* Products */;
			projectDirPath = "";
			projectRoot = "";
			targets = (
				827B316719F0595B00488A75 /* UserList */,
			);
		};
/* End PBXProject section */

/* Begin PBXResourcesBuildPhase section */
		827B316619F0595B00488A75 /* Resources */ = {
			isa = PBXResourcesBuildPhase;
			buildActionMask = 2147483647;
			files = (
				827B320719F064F500488A75 /* Settings.bundle in Resources */,
				8230E24A1A24186900EFE764 /* Images.xcassets in Resources */,
				827B317619F0595B00488A75 /* InfoPlist.strings in Resources */,
				827B320619F064F500488A75 /* SalesforceSDKResources.bundle in Resources */,
				827B320919F0651C00488A75 /* config.xml in Resources */,
			);
			runOnlyForDeploymentPostprocessing = 0;
		};
/* End PBXResourcesBuildPhase section */

/* Begin PBXSourcesBuildPhase section */
		827B316419F0595B00488A75 /* Sources */ = {
			isa = PBXSourcesBuildPhase;
			buildActionMask = 2147483647;
			files = (
				827B31AD19F059D600488A75 /* AppDelegate+SalesforceHybridSDK.m in Sources */,
				82AF5B041A0DAF1C006C7A4B /* CDVLogger.m in Sources */,
				827B31AF19F059D600488A75 /* UIApplication+SalesforceHybridSDK.m in Sources */,
				827B31AC19F059D600488A75 /* AppDelegate.m in Sources */,
				827B317819F0595B00488A75 /* main.m in Sources */,
				827B31AE19F059D600488A75 /* InitialViewController.m in Sources */,
			);
			runOnlyForDeploymentPostprocessing = 0;
		};
/* End PBXSourcesBuildPhase section */

/* Begin PBXVariantGroup section */
		827B317419F0595B00488A75 /* InfoPlist.strings */ = {
			isa = PBXVariantGroup;
			children = (
				827B317519F0595B00488A75 /* en */,
			);
			name = InfoPlist.strings;
			sourceTree = "<group>";
		};
/* End PBXVariantGroup section */

/* Begin XCBuildConfiguration section */
		827B319B19F0595C00488A75 /* Debug */ = {
			isa = XCBuildConfiguration;
			buildSettings = {
				ALWAYS_SEARCH_USER_PATHS = NO;
				CLANG_CXX_LANGUAGE_STANDARD = "gnu++0x";
				CLANG_CXX_LIBRARY = "libc++";
				CLANG_ENABLE_MODULES = YES;
				CLANG_ENABLE_OBJC_ARC = YES;
				CLANG_WARN_BOOL_CONVERSION = YES;
				CLANG_WARN_CONSTANT_CONVERSION = YES;
				CLANG_WARN_DIRECT_OBJC_ISA_USAGE = YES_ERROR;
				CLANG_WARN_EMPTY_BODY = YES;
				CLANG_WARN_ENUM_CONVERSION = YES;
				CLANG_WARN_INT_CONVERSION = YES;
				CLANG_WARN_OBJC_ROOT_CLASS = YES_ERROR;
				CLANG_WARN__DUPLICATE_METHOD_MATCH = YES;
				"CODE_SIGN_IDENTITY[sdk=iphoneos*]" = "iPhone Developer";
				COPY_PHASE_STRIP = NO;
				GCC_C_LANGUAGE_STANDARD = gnu99;
				GCC_DYNAMIC_NO_PIC = NO;
				GCC_OPTIMIZATION_LEVEL = 0;
				GCC_PREPROCESSOR_DEFINITIONS = (
					"DEBUG=1",
					"$(inherited)",
				);
				GCC_SYMBOLS_PRIVATE_EXTERN = NO;
				GCC_WARN_64_TO_32_BIT_CONVERSION = YES;
				GCC_WARN_ABOUT_RETURN_TYPE = YES_ERROR;
				GCC_WARN_UNDECLARED_SELECTOR = YES;
				GCC_WARN_UNINITIALIZED_AUTOS = YES_AGGRESSIVE;
				GCC_WARN_UNUSED_FUNCTION = YES;
				GCC_WARN_UNUSED_VARIABLE = YES;
				HEADER_SEARCH_PATHS = (
					"$(inherited)",
					/Applications/Xcode.app/Contents/Developer/Toolchains/XcodeDefault.xctoolchain/usr/include,
					"$(BUILT_PRODUCTS_DIR)/Headers",
					"$(OBJROOT)/UninstalledProducts/Headers",
					"$(PROJECT_DIR)/../../../external/ThirdPartyDependencies/SalesforceCommonUtils/Headers",
					"$(PROJECT_DIR)/../../../external/cordova-ios/cordova-ios/CordovaLib/Classes/**",
				);
				IPHONEOS_DEPLOYMENT_TARGET = 7.0;
				LIBRARY_SEARCH_PATHS = (
					"$(SRCROOT)/../../../external/ThirdPartyDependencies/SalesforceCommonUtils",
					"$(SRCROOT)/../../../external/ThirdPartyDependencies/sqlcipher",
				);
				ONLY_ACTIVE_ARCH = YES;
				SDKROOT = iphoneos;
				TARGETED_DEVICE_FAMILY = "1,2";
			};
			name = Debug;
		};
		827B319C19F0595C00488A75 /* Release */ = {
			isa = XCBuildConfiguration;
			buildSettings = {
				ALWAYS_SEARCH_USER_PATHS = NO;
				CLANG_CXX_LANGUAGE_STANDARD = "gnu++0x";
				CLANG_CXX_LIBRARY = "libc++";
				CLANG_ENABLE_MODULES = YES;
				CLANG_ENABLE_OBJC_ARC = YES;
				CLANG_WARN_BOOL_CONVERSION = YES;
				CLANG_WARN_CONSTANT_CONVERSION = YES;
				CLANG_WARN_DIRECT_OBJC_ISA_USAGE = YES_ERROR;
				CLANG_WARN_EMPTY_BODY = YES;
				CLANG_WARN_ENUM_CONVERSION = YES;
				CLANG_WARN_INT_CONVERSION = YES;
				CLANG_WARN_OBJC_ROOT_CLASS = YES_ERROR;
				CLANG_WARN__DUPLICATE_METHOD_MATCH = YES;
				"CODE_SIGN_IDENTITY[sdk=iphoneos*]" = "iPhone Developer";
				COPY_PHASE_STRIP = YES;
				ENABLE_NS_ASSERTIONS = NO;
				GCC_C_LANGUAGE_STANDARD = gnu99;
				GCC_WARN_64_TO_32_BIT_CONVERSION = YES;
				GCC_WARN_ABOUT_RETURN_TYPE = YES_ERROR;
				GCC_WARN_UNDECLARED_SELECTOR = YES;
				GCC_WARN_UNINITIALIZED_AUTOS = YES_AGGRESSIVE;
				GCC_WARN_UNUSED_FUNCTION = YES;
				GCC_WARN_UNUSED_VARIABLE = YES;
				HEADER_SEARCH_PATHS = (
					"$(inherited)",
					/Applications/Xcode.app/Contents/Developer/Toolchains/XcodeDefault.xctoolchain/usr/include,
					"$(BUILT_PRODUCTS_DIR)/Headers",
					"$(OBJROOT)/UninstalledProducts/Headers",
					"$(PROJECT_DIR)/../../../external/ThirdPartyDependencies/SalesforceCommonUtils/Headers",
					"$(PROJECT_DIR)/../../../external/cordova-ios/cordova-ios/CordovaLib/Classes/**",
				);
				IPHONEOS_DEPLOYMENT_TARGET = 7.0;
				LIBRARY_SEARCH_PATHS = (
					"$(SRCROOT)/../../../external/ThirdPartyDependencies/SalesforceCommonUtils",
					"$(SRCROOT)/../../../external/ThirdPartyDependencies/sqlcipher",
				);
				SDKROOT = iphoneos;
				TARGETED_DEVICE_FAMILY = "1,2";
				VALIDATE_PRODUCT = YES;
			};
			name = Release;
		};
		827B319E19F0595C00488A75 /* Debug */ = {
			isa = XCBuildConfiguration;
			buildSettings = {
				ASSETCATALOG_COMPILER_APPICON_NAME = AppIcon;
				ASSETCATALOG_COMPILER_LAUNCHIMAGE_NAME = LaunchImage;
				CODE_SIGN_RESOURCE_RULES_PATH = "$(SDKROOT)/ResourceRules.plist";
				GCC_PRECOMPILE_PREFIX_HEADER = YES;
				GCC_PREFIX_HEADER = "UserList/UserList-Prefix.pch";
				INFOPLIST_FILE = "UserList/UserList-Info.plist";
				IPHONEOS_DEPLOYMENT_TARGET = 7.0;
				OTHER_LDFLAGS = "-ObjC";
				PRODUCT_NAME = "$(TARGET_NAME)";
				WRAPPER_EXTENSION = app;
			};
			name = Debug;
		};
		827B319F19F0595C00488A75 /* Release */ = {
			isa = XCBuildConfiguration;
			buildSettings = {
				ASSETCATALOG_COMPILER_APPICON_NAME = AppIcon;
				ASSETCATALOG_COMPILER_LAUNCHIMAGE_NAME = LaunchImage;
				CODE_SIGN_RESOURCE_RULES_PATH = "$(SDKROOT)/ResourceRules.plist";
				GCC_PRECOMPILE_PREFIX_HEADER = YES;
				GCC_PREFIX_HEADER = "UserList/UserList-Prefix.pch";
				INFOPLIST_FILE = "UserList/UserList-Info.plist";
				IPHONEOS_DEPLOYMENT_TARGET = 7.0;
				OTHER_LDFLAGS = "-ObjC";
				PRODUCT_NAME = "$(TARGET_NAME)";
				WRAPPER_EXTENSION = app;
			};
			name = Release;
		};
/* End XCBuildConfiguration section */

/* Begin XCConfigurationList section */
		827B316319F0595B00488A75 /* Build configuration list for PBXProject "UserList" */ = {
			isa = XCConfigurationList;
			buildConfigurations = (
				827B319B19F0595C00488A75 /* Debug */,
				827B319C19F0595C00488A75 /* Release */,
			);
			defaultConfigurationIsVisible = 0;
			defaultConfigurationName = Release;
		};
		827B319D19F0595C00488A75 /* Build configuration list for PBXNativeTarget "UserList" */ = {
			isa = XCConfigurationList;
			buildConfigurations = (
				827B319E19F0595C00488A75 /* Debug */,
				827B319F19F0595C00488A75 /* Release */,
			);
			defaultConfigurationIsVisible = 0;
			defaultConfigurationName = Release;
		};
/* End XCConfigurationList section */
	};
	rootObject = 827B316019F0595B00488A75 /* Project object */;
}
