// !$*UTF8*$!
{
	archiveVersion = 1;
	classes = {
	};
	objectVersion = 48;
	objects = {

/* Begin PBXAggregateTarget section */
		CEAAAE75195A181000CBBFE9 /* Documentation */ = {
			isa = PBXAggregateTarget;
			buildConfigurationList = CEAAAE76195A181000CBBFE9 /* Build configuration list for PBXAggregateTarget "Documentation" */;
			buildPhases = (
				CEAAAE79195A184100CBBFE9 /* ShellScript */,
			);
			dependencies = (
			);
			name = Documentation;
			productName = Documentation;
		};
/* End PBXAggregateTarget section */

/* Begin PBXBuildFile section */
		4F06AF0D1C499EB600F70798 /* main.m in Sources */ = {isa = PBXBuildFile; fileRef = 4F06AF0C1C499EB600F70798 /* main.m */; };
		4F06AF101C499EB600F70798 /* AppDelegate.m in Sources */ = {isa = PBXBuildFile; fileRef = 4F06AF0F1C499EB600F70798 /* AppDelegate.m */; };
		4F06AF131C499EB600F70798 /* ViewController.m in Sources */ = {isa = PBXBuildFile; fileRef = 4F06AF121C499EB600F70798 /* ViewController.m */; };
		4F06AF161C499EB600F70798 /* Main.storyboard in Resources */ = {isa = PBXBuildFile; fileRef = 4F06AF141C499EB600F70798 /* Main.storyboard */; };
		4F06AF181C499EB600F70798 /* Assets.xcassets in Resources */ = {isa = PBXBuildFile; fileRef = 4F06AF171C499EB600F70798 /* Assets.xcassets */; };
		4F06AF1B1C499EB600F70798 /* LaunchScreen.storyboard in Resources */ = {isa = PBXBuildFile; fileRef = 4F06AF191C499EB600F70798 /* LaunchScreen.storyboard */; };
		4F06AFF01C49D53D00F70798 /* SmartStore.framework in Frameworks */ = {isa = PBXBuildFile; fileRef = CE4CE2B91C0E4581009F6029 /* SmartStore.framework */; };
		4F06AFF11C49D53D00F70798 /* SmartStore.framework in Embed Frameworks */ = {isa = PBXBuildFile; fileRef = CE4CE2B91C0E4581009F6029 /* SmartStore.framework */; settings = {ATTRIBUTES = (CodeSignOnCopy, RemoveHeadersOnCopy, ); }; };
		4F51C9F11D35ACE500100D66 /* SFSmartStoreFTSWithExternalStorageTests.m in Sources */ = {isa = PBXBuildFile; fileRef = 4F51C9F01D35ACE500100D66 /* SFSmartStoreFTSWithExternalStorageTests.m */; };
		4F883C761C16279F007D4BAE /* SmartStoreSDKManager.h in Headers */ = {isa = PBXBuildFile; fileRef = 4F883C751C16279F007D4BAE /* SmartStoreSDKManager.h */; settings = {ATTRIBUTES = (Public, ); }; };
		4F883C7B1C1627BD007D4BAE /* SmartStoreSDKManager.m in Sources */ = {isa = PBXBuildFile; fileRef = 4F883C7A1C1627BD007D4BAE /* SmartStoreSDKManager.m */; };
		4F99B53C1CEA81A6007BC4D2 /* SFSmartStoreLoadTests.m in Sources */ = {isa = PBXBuildFile; fileRef = 4F99B53B1CEA81A6007BC4D2 /* SFSmartStoreLoadTests.m */; };
		4FAB7D791F8D888400226249 /* userstore.json in Resources */ = {isa = PBXBuildFile; fileRef = 4FAB7D781F8D888400226249 /* userstore.json */; };
		4FAB7D7E1F8D88C100226249 /* globalstore.json in Resources */ = {isa = PBXBuildFile; fileRef = 4FAB7D7D1F8D88C100226249 /* globalstore.json */; };
		4FAB7D811F8D8C3C00226249 /* SFSDKStoreConfigTests.m in Sources */ = {isa = PBXBuildFile; fileRef = 4FAB7D801F8D8C3C00226249 /* SFSDKStoreConfigTests.m */; };
		4FEE44851BFD5CCC00F09C43 /* SFSmartSqlWithExternalStorageTests.m in Sources */ = {isa = PBXBuildFile; fileRef = 4F9601541BFD33B30022F021 /* SFSmartSqlWithExternalStorageTests.m */; };
		4FEE44861BFD5CD200F09C43 /* SFSmartStoreAlterTests.m in Sources */ = {isa = PBXBuildFile; fileRef = 4F9601561BFD33B30022F021 /* SFSmartStoreAlterTests.m */; };
		4FEE44871BFD5CD500F09C43 /* SFSmartStoreFullTextSearchSpeedTests.m in Sources */ = {isa = PBXBuildFile; fileRef = 4F9601581BFD33B30022F021 /* SFSmartStoreFullTextSearchSpeedTests.m */; };
		4FEE44881BFD5CD900F09C43 /* SFSmartStoreFullTextSearchTests.m in Sources */ = {isa = PBXBuildFile; fileRef = 4F96015A1BFD33B30022F021 /* SFSmartStoreFullTextSearchTests.m */; };
		4FEE44891BFD5CDC00F09C43 /* SFSmartStoreTestCase.m in Sources */ = {isa = PBXBuildFile; fileRef = 4F96015C1BFD33B30022F021 /* SFSmartStoreTestCase.m */; };
		4FEE448A1BFD5CE500F09C43 /* SFSmartStoreTests.m in Sources */ = {isa = PBXBuildFile; fileRef = 4F96015E1BFD33B30022F021 /* SFSmartStoreTests.m */; };
		4FF4DC671CF51D9300385C2C /* SFQuerySpecTests.m in Sources */ = {isa = PBXBuildFile; fileRef = 4FF4DC661CF51D9300385C2C /* SFQuerySpecTests.m */; };
		4FFEE6351BFE98E100B7AA8A /* InfoPlist.strings in Resources */ = {isa = PBXBuildFile; fileRef = CEAAAE61195911E600CBBFE9 /* InfoPlist.strings */; };
		6F96F9A01CB824EF00B2A120 /* libsqlcipher.a in Frameworks */ = {isa = PBXBuildFile; fileRef = 828917AC1C52DB6B002F9981 /* libsqlcipher.a */; };
		828917841C52B705002F9981 /* FMDatabase.h in Headers */ = {isa = PBXBuildFile; fileRef = 8289177A1C52B705002F9981 /* FMDatabase.h */; };
		828917851C52B705002F9981 /* FMDatabase.m in Sources */ = {isa = PBXBuildFile; fileRef = 8289177B1C52B705002F9981 /* FMDatabase.m */; };
		828917861C52B705002F9981 /* FMDatabaseAdditions.h in Headers */ = {isa = PBXBuildFile; fileRef = 8289177C1C52B705002F9981 /* FMDatabaseAdditions.h */; };
		828917871C52B705002F9981 /* FMDatabaseAdditions.m in Sources */ = {isa = PBXBuildFile; fileRef = 8289177D1C52B705002F9981 /* FMDatabaseAdditions.m */; };
		828917881C52B705002F9981 /* FMDatabasePool.h in Headers */ = {isa = PBXBuildFile; fileRef = 8289177E1C52B705002F9981 /* FMDatabasePool.h */; };
		828917891C52B705002F9981 /* FMDatabasePool.m in Sources */ = {isa = PBXBuildFile; fileRef = 8289177F1C52B705002F9981 /* FMDatabasePool.m */; };
		8289178A1C52B705002F9981 /* FMDatabaseQueue.h in Headers */ = {isa = PBXBuildFile; fileRef = 828917801C52B705002F9981 /* FMDatabaseQueue.h */; };
		8289178B1C52B705002F9981 /* FMDatabaseQueue.m in Sources */ = {isa = PBXBuildFile; fileRef = 828917811C52B705002F9981 /* FMDatabaseQueue.m */; };
		8289178C1C52B705002F9981 /* FMResultSet.h in Headers */ = {isa = PBXBuildFile; fileRef = 828917821C52B705002F9981 /* FMResultSet.h */; };
		8289178D1C52B705002F9981 /* FMResultSet.m in Sources */ = {isa = PBXBuildFile; fileRef = 828917831C52B705002F9981 /* FMResultSet.m */; };
		8289178E1C52B715002F9981 /* FMDatabase.h in Headers */ = {isa = PBXBuildFile; fileRef = 8289177A1C52B705002F9981 /* FMDatabase.h */; };
		8289178F1C52B715002F9981 /* FMDatabase.m in Sources */ = {isa = PBXBuildFile; fileRef = 8289177B1C52B705002F9981 /* FMDatabase.m */; };
		828917901C52B715002F9981 /* FMDatabaseAdditions.h in Headers */ = {isa = PBXBuildFile; fileRef = 8289177C1C52B705002F9981 /* FMDatabaseAdditions.h */; };
		828917911C52B715002F9981 /* FMDatabaseAdditions.m in Sources */ = {isa = PBXBuildFile; fileRef = 8289177D1C52B705002F9981 /* FMDatabaseAdditions.m */; };
		828917921C52B715002F9981 /* FMDatabasePool.h in Headers */ = {isa = PBXBuildFile; fileRef = 8289177E1C52B705002F9981 /* FMDatabasePool.h */; };
		828917931C52B715002F9981 /* FMDatabasePool.m in Sources */ = {isa = PBXBuildFile; fileRef = 8289177F1C52B705002F9981 /* FMDatabasePool.m */; };
		828917941C52B715002F9981 /* FMDatabaseQueue.h in Headers */ = {isa = PBXBuildFile; fileRef = 828917801C52B705002F9981 /* FMDatabaseQueue.h */; };
		828917951C52B715002F9981 /* FMDatabaseQueue.m in Sources */ = {isa = PBXBuildFile; fileRef = 828917811C52B705002F9981 /* FMDatabaseQueue.m */; };
		828917961C52B715002F9981 /* FMResultSet.h in Headers */ = {isa = PBXBuildFile; fileRef = 828917821C52B705002F9981 /* FMResultSet.h */; };
		828917971C52B715002F9981 /* FMResultSet.m in Sources */ = {isa = PBXBuildFile; fileRef = 828917831C52B705002F9981 /* FMResultSet.m */; };
		828917A81C52D9CE002F9981 /* SalesforceSDKCore.framework in Frameworks */ = {isa = PBXBuildFile; fileRef = 828917A11C52D9BC002F9981 /* SalesforceSDKCore.framework */; };
		828917AD1C52DB6B002F9981 /* libsqlcipher.a in Frameworks */ = {isa = PBXBuildFile; fileRef = 828917AC1C52DB6B002F9981 /* libsqlcipher.a */; };
		829DA2AA1C1266F70040F5F1 /* SmartStore.h in Headers */ = {isa = PBXBuildFile; fileRef = 829DA2A91C1266F70040F5F1 /* SmartStore.h */; settings = {ATTRIBUTES = (Public, ); }; };
		B7DD6CE61DC178D0004C04F4 /* SFMultipleSmartStoresTests.m in Sources */ = {isa = PBXBuildFile; fileRef = B7DD6CE51DC178D0004C04F4 /* SFMultipleSmartStoresTests.m */; };
		C03DE7D01D1B296400BFA6BD /* SFSoupSpec.h in Headers */ = {isa = PBXBuildFile; fileRef = C03DE7CD1D1B296400BFA6BD /* SFSoupSpec.h */; settings = {ATTRIBUTES = (Public, ); }; };
		C03DE7D11D1B296400BFA6BD /* SFSoupSpec.m in Sources */ = {isa = PBXBuildFile; fileRef = C03DE7CE1D1B296400BFA6BD /* SFSoupSpec.m */; };
		C03DE7D31D1B296400BFA6BD /* SFSoupSpec+Internal.h in Headers */ = {isa = PBXBuildFile; fileRef = C03DE7CF1D1B296400BFA6BD /* SFSoupSpec+Internal.h */; };
		C03DE7D71D1B297E00BFA6BD /* SFSoupSpec.h in Headers */ = {isa = PBXBuildFile; fileRef = C03DE7CD1D1B296400BFA6BD /* SFSoupSpec.h */; settings = {ATTRIBUTES = (Public, ); }; };
		C03DE7D81D1B298900BFA6BD /* SFSoupSpec+Internal.h in Headers */ = {isa = PBXBuildFile; fileRef = C03DE7CF1D1B296400BFA6BD /* SFSoupSpec+Internal.h */; };
		C03DE7D91D1B29A500BFA6BD /* SFSoupSpec.m in Sources */ = {isa = PBXBuildFile; fileRef = C03DE7CE1D1B296400BFA6BD /* SFSoupSpec.m */; };
		C03DE7DB1D1B44D000BFA6BD /* SFSmartStoreWithExternalStorageTests.m in Sources */ = {isa = PBXBuildFile; fileRef = C03DE7DA1D1B44D000BFA6BD /* SFSmartStoreWithExternalStorageTests.m */; };
		C03DE7E11D1B6B8E00BFA6BD /* SFSmartSqlTests.m in Sources */ = {isa = PBXBuildFile; fileRef = C03DE7E01D1B6B8E00BFA6BD /* SFSmartSqlTests.m */; };
		CE0AB0761C10D3AF00BFAEED /* libz.tbd in Frameworks */ = {isa = PBXBuildFile; fileRef = CE4CE5841C0FB648009F6029 /* libz.tbd */; };
		CE0AB0781C10D3B500BFAEED /* libxml2.tbd in Frameworks */ = {isa = PBXBuildFile; fileRef = CE0AB0771C10D3B500BFAEED /* libxml2.tbd */; };
		CE1F0B0419ACF95B0007F22F /* ImageIO.framework in Frameworks */ = {isa = PBXBuildFile; fileRef = CE1F0AFA19ACF95B0007F22F /* ImageIO.framework */; };
		CE1F0B0519ACF95B0007F22F /* CFNetwork.framework in Frameworks */ = {isa = PBXBuildFile; fileRef = CE1F0AFB19ACF95B0007F22F /* CFNetwork.framework */; };
		CE1F0B0619ACF95B0007F22F /* CoreData.framework in Frameworks */ = {isa = PBXBuildFile; fileRef = CE1F0AFC19ACF95B0007F22F /* CoreData.framework */; };
		CE1F0B0719ACF95B0007F22F /* CoreGraphics.framework in Frameworks */ = {isa = PBXBuildFile; fileRef = CE1F0AFD19ACF95B0007F22F /* CoreGraphics.framework */; };
		CE1F0B0819ACF95B0007F22F /* MessageUI.framework in Frameworks */ = {isa = PBXBuildFile; fileRef = CE1F0AFE19ACF95B0007F22F /* MessageUI.framework */; };
		CE1F0B0919ACF95B0007F22F /* MobileCoreServices.framework in Frameworks */ = {isa = PBXBuildFile; fileRef = CE1F0AFF19ACF95B0007F22F /* MobileCoreServices.framework */; };
		CE1F0B0A19ACF95B0007F22F /* QuartzCore.framework in Frameworks */ = {isa = PBXBuildFile; fileRef = CE1F0B0019ACF95B0007F22F /* QuartzCore.framework */; };
		CE1F0B0B19ACF95B0007F22F /* Security.framework in Frameworks */ = {isa = PBXBuildFile; fileRef = CE1F0B0119ACF95B0007F22F /* Security.framework */; };
		CE1F0B0C19ACF95B0007F22F /* SystemConfiguration.framework in Frameworks */ = {isa = PBXBuildFile; fileRef = CE1F0B0219ACF95B0007F22F /* SystemConfiguration.framework */; };
		CE1F0B0D19ACF95B0007F22F /* UIKit.framework in Frameworks */ = {isa = PBXBuildFile; fileRef = CE1F0B0319ACF95B0007F22F /* UIKit.framework */; };
		CE2B8CEE1CE9319E00C6FC6A /* SalesforceAnalytics.framework in Frameworks */ = {isa = PBXBuildFile; fileRef = CE2B8CED1CE9319E00C6FC6A /* SalesforceAnalytics.framework */; };
		CE4CE40B1C0E59DA009F6029 /* SFAlterSoupLongOperation.h in Headers */ = {isa = PBXBuildFile; fileRef = 4F96FBC21BFD30030022F021 /* SFAlterSoupLongOperation.h */; settings = {ATTRIBUTES = (Public, ); }; };
		CE4CE40C1C0E59DA009F6029 /* SFAlterSoupLongOperation.m in Sources */ = {isa = PBXBuildFile; fileRef = 4F96FBC31BFD30030022F021 /* SFAlterSoupLongOperation.m */; };
		CE4CE40D1C0E59DA009F6029 /* SFQuerySpec.h in Headers */ = {isa = PBXBuildFile; fileRef = 4F96FBC41BFD30030022F021 /* SFQuerySpec.h */; settings = {ATTRIBUTES = (Public, ); }; };
		CE4CE40E1C0E59DA009F6029 /* SFQuerySpec.m in Sources */ = {isa = PBXBuildFile; fileRef = 4F96FBC51BFD30030022F021 /* SFQuerySpec.m */; };
		CE4CE40F1C0E59DA009F6029 /* SFSmartSqlHelper.h in Headers */ = {isa = PBXBuildFile; fileRef = 4F96FBC61BFD30030022F021 /* SFSmartSqlHelper.h */; settings = {ATTRIBUTES = (Public, ); }; };
		CE4CE4101C0E59DA009F6029 /* SFSmartSqlHelper.m in Sources */ = {isa = PBXBuildFile; fileRef = 4F96FBC71BFD30030022F021 /* SFSmartSqlHelper.m */; };
		CE4CE4111C0E59DA009F6029 /* SFSmartStore.h in Headers */ = {isa = PBXBuildFile; fileRef = 4F96FBC81BFD30030022F021 /* SFSmartStore.h */; settings = {ATTRIBUTES = (Public, ); }; };
		CE4CE4121C0E59DA009F6029 /* SFSmartStore.m in Sources */ = {isa = PBXBuildFile; fileRef = 4F96FBC91BFD30030022F021 /* SFSmartStore.m */; };
		CE4CE4131C0E59DA009F6029 /* SFSmartStore+Internal.h in Headers */ = {isa = PBXBuildFile; fileRef = 4F96FBCA1BFD30030022F021 /* SFSmartStore+Internal.h */; };
		CE4CE4141C0E59DA009F6029 /* SFSmartStoreDatabaseManager.h in Headers */ = {isa = PBXBuildFile; fileRef = 4F96FBCB1BFD30030022F021 /* SFSmartStoreDatabaseManager.h */; settings = {ATTRIBUTES = (Public, ); }; };
		CE4CE4151C0E59DA009F6029 /* SFSmartStoreDatabaseManager.m in Sources */ = {isa = PBXBuildFile; fileRef = 4F96FBCC1BFD30030022F021 /* SFSmartStoreDatabaseManager.m */; };
		CE4CE4161C0E59DA009F6029 /* SFSmartStoreDatabaseManager+Internal.h in Headers */ = {isa = PBXBuildFile; fileRef = 4F96FBCD1BFD30030022F021 /* SFSmartStoreDatabaseManager+Internal.h */; };
		CE4CE4171C0E59DA009F6029 /* SFSmartStoreInspectorViewController.h in Headers */ = {isa = PBXBuildFile; fileRef = 4F96FBCE1BFD30030022F021 /* SFSmartStoreInspectorViewController.h */; settings = {ATTRIBUTES = (Public, ); }; };
		CE4CE4181C0E59DA009F6029 /* SFSmartStoreInspectorViewController.m in Sources */ = {isa = PBXBuildFile; fileRef = 4F96FBCF1BFD30030022F021 /* SFSmartStoreInspectorViewController.m */; };
		CE4CE4191C0E59DA009F6029 /* SFSmartStoreUpgrade.h in Headers */ = {isa = PBXBuildFile; fileRef = 4F96FBD01BFD30030022F021 /* SFSmartStoreUpgrade.h */; settings = {ATTRIBUTES = (Public, ); }; };
		CE4CE41A1C0E59DA009F6029 /* SFSmartStoreUpgrade.m in Sources */ = {isa = PBXBuildFile; fileRef = 4F96FBD11BFD30030022F021 /* SFSmartStoreUpgrade.m */; };
		CE4CE41B1C0E59DA009F6029 /* SFSmartStoreUpgrade+Internal.h in Headers */ = {isa = PBXBuildFile; fileRef = 4F96FBD21BFD30030022F021 /* SFSmartStoreUpgrade+Internal.h */; };
		CE4CE41C1C0E59DA009F6029 /* SFSmartStoreUtils.h in Headers */ = {isa = PBXBuildFile; fileRef = 4F96FBD31BFD30030022F021 /* SFSmartStoreUtils.h */; settings = {ATTRIBUTES = (Public, ); }; };
		CE4CE41D1C0E59DA009F6029 /* SFSmartStoreUtils.m in Sources */ = {isa = PBXBuildFile; fileRef = 4F96FBD41BFD30030022F021 /* SFSmartStoreUtils.m */; };
		CE4CE41E1C0E59DA009F6029 /* SFSoupIndex.h in Headers */ = {isa = PBXBuildFile; fileRef = 4F96FBD51BFD30030022F021 /* SFSoupIndex.h */; settings = {ATTRIBUTES = (Public, ); }; };
		CE4CE41F1C0E59DA009F6029 /* SFSoupIndex.m in Sources */ = {isa = PBXBuildFile; fileRef = 4F96FBD61BFD30030022F021 /* SFSoupIndex.m */; };
		CE4CE4201C0E59DA009F6029 /* SFStoreCursor.h in Headers */ = {isa = PBXBuildFile; fileRef = 4F96FBD71BFD30030022F021 /* SFStoreCursor.h */; settings = {ATTRIBUTES = (Public, ); }; };
		CE4CE4211C0E59DA009F6029 /* SFStoreCursor.m in Sources */ = {isa = PBXBuildFile; fileRef = 4F96FBD81BFD30030022F021 /* SFStoreCursor.m */; };
		CE4CE48D1C0E5F6D009F6029 /* Foundation.framework in Frameworks */ = {isa = PBXBuildFile; fileRef = CEAAAE48195911E600CBBFE9 /* Foundation.framework */; };
		CE4CE5691C0E7845009F6029 /* SmartStore-Prefix.pch in Headers */ = {isa = PBXBuildFile; fileRef = 4F230BC31BFEAE430030EEFA /* SmartStore-Prefix.pch */; };
		CE4CE5851C0FB648009F6029 /* libz.tbd in Frameworks */ = {isa = PBXBuildFile; fileRef = CE4CE5841C0FB648009F6029 /* libz.tbd */; };
		CE682C801F01B5E3003C43C0 /* SFSDKSmartStoreLogger.h in Headers */ = {isa = PBXBuildFile; fileRef = CE682C7E1F01B5E3003C43C0 /* SFSDKSmartStoreLogger.h */; settings = {ATTRIBUTES = (Public, ); }; };
		CE682C811F01B5E3003C43C0 /* SFSDKSmartStoreLogger.m in Sources */ = {isa = PBXBuildFile; fileRef = CE682C7F1F01B5E3003C43C0 /* SFSDKSmartStoreLogger.m */; };
		CE682C851F01B64E003C43C0 /* SFSDKSmartStoreLogger.h in Headers */ = {isa = PBXBuildFile; fileRef = CE682C7E1F01B5E3003C43C0 /* SFSDKSmartStoreLogger.h */; settings = {ATTRIBUTES = (Public, ); }; };
		CE682C861F01B658003C43C0 /* SFSDKSmartStoreLogger.m in Sources */ = {isa = PBXBuildFile; fileRef = CE682C7F1F01B5E3003C43C0 /* SFSDKSmartStoreLogger.m */; };
		CEA883CB1C191580008D871B /* Foundation.framework in Frameworks */ = {isa = PBXBuildFile; fileRef = CEAAAE48195911E600CBBFE9 /* Foundation.framework */; };
		CEA883CE1C191595008D871B /* SmartStore.h in Headers */ = {isa = PBXBuildFile; fileRef = 829DA2A91C1266F70040F5F1 /* SmartStore.h */; settings = {ATTRIBUTES = (Public, ); }; };
		CEA883D11C1915A8008D871B /* SFAlterSoupLongOperation.h in Headers */ = {isa = PBXBuildFile; fileRef = 4F96FBC21BFD30030022F021 /* SFAlterSoupLongOperation.h */; settings = {ATTRIBUTES = (Public, ); }; };
		CEA883D21C1915A8008D871B /* SFAlterSoupLongOperation.m in Sources */ = {isa = PBXBuildFile; fileRef = 4F96FBC31BFD30030022F021 /* SFAlterSoupLongOperation.m */; };
		CEA883D31C1915A8008D871B /* SFQuerySpec.h in Headers */ = {isa = PBXBuildFile; fileRef = 4F96FBC41BFD30030022F021 /* SFQuerySpec.h */; settings = {ATTRIBUTES = (Public, ); }; };
		CEA883D41C1915A8008D871B /* SFQuerySpec.m in Sources */ = {isa = PBXBuildFile; fileRef = 4F96FBC51BFD30030022F021 /* SFQuerySpec.m */; };
		CEA883D51C1915A8008D871B /* SFSmartSqlHelper.h in Headers */ = {isa = PBXBuildFile; fileRef = 4F96FBC61BFD30030022F021 /* SFSmartSqlHelper.h */; settings = {ATTRIBUTES = (Public, ); }; };
		CEA883D61C1915A8008D871B /* SFSmartSqlHelper.m in Sources */ = {isa = PBXBuildFile; fileRef = 4F96FBC71BFD30030022F021 /* SFSmartSqlHelper.m */; };
		CEA883D71C1915A8008D871B /* SFSmartStore.h in Headers */ = {isa = PBXBuildFile; fileRef = 4F96FBC81BFD30030022F021 /* SFSmartStore.h */; settings = {ATTRIBUTES = (Public, ); }; };
		CEA883D81C1915A8008D871B /* SFSmartStore.m in Sources */ = {isa = PBXBuildFile; fileRef = 4F96FBC91BFD30030022F021 /* SFSmartStore.m */; };
		CEA883D91C1915A8008D871B /* SFSmartStore+Internal.h in Headers */ = {isa = PBXBuildFile; fileRef = 4F96FBCA1BFD30030022F021 /* SFSmartStore+Internal.h */; };
		CEA883DA1C1915A8008D871B /* SFSmartStoreDatabaseManager.h in Headers */ = {isa = PBXBuildFile; fileRef = 4F96FBCB1BFD30030022F021 /* SFSmartStoreDatabaseManager.h */; settings = {ATTRIBUTES = (Public, ); }; };
		CEA883DB1C1915A8008D871B /* SFSmartStoreDatabaseManager.m in Sources */ = {isa = PBXBuildFile; fileRef = 4F96FBCC1BFD30030022F021 /* SFSmartStoreDatabaseManager.m */; };
		CEA883DC1C1915A8008D871B /* SFSmartStoreDatabaseManager+Internal.h in Headers */ = {isa = PBXBuildFile; fileRef = 4F96FBCD1BFD30030022F021 /* SFSmartStoreDatabaseManager+Internal.h */; };
		CEA883DD1C1915A8008D871B /* SFSmartStoreInspectorViewController.h in Headers */ = {isa = PBXBuildFile; fileRef = 4F96FBCE1BFD30030022F021 /* SFSmartStoreInspectorViewController.h */; settings = {ATTRIBUTES = (Public, ); }; };
		CEA883DE1C1915A8008D871B /* SFSmartStoreInspectorViewController.m in Sources */ = {isa = PBXBuildFile; fileRef = 4F96FBCF1BFD30030022F021 /* SFSmartStoreInspectorViewController.m */; };
		CEA883DF1C1915A8008D871B /* SFSmartStoreUpgrade.h in Headers */ = {isa = PBXBuildFile; fileRef = 4F96FBD01BFD30030022F021 /* SFSmartStoreUpgrade.h */; settings = {ATTRIBUTES = (Public, ); }; };
		CEA883E01C1915A8008D871B /* SFSmartStoreUpgrade.m in Sources */ = {isa = PBXBuildFile; fileRef = 4F96FBD11BFD30030022F021 /* SFSmartStoreUpgrade.m */; };
		CEA883E11C1915A8008D871B /* SFSmartStoreUpgrade+Internal.h in Headers */ = {isa = PBXBuildFile; fileRef = 4F96FBD21BFD30030022F021 /* SFSmartStoreUpgrade+Internal.h */; };
		CEA883E21C1915A8008D871B /* SFSmartStoreUtils.h in Headers */ = {isa = PBXBuildFile; fileRef = 4F96FBD31BFD30030022F021 /* SFSmartStoreUtils.h */; settings = {ATTRIBUTES = (Public, ); }; };
		CEA883E31C1915A8008D871B /* SFSmartStoreUtils.m in Sources */ = {isa = PBXBuildFile; fileRef = 4F96FBD41BFD30030022F021 /* SFSmartStoreUtils.m */; };
		CEA883E41C1915A8008D871B /* SFSoupIndex.h in Headers */ = {isa = PBXBuildFile; fileRef = 4F96FBD51BFD30030022F021 /* SFSoupIndex.h */; settings = {ATTRIBUTES = (Public, ); }; };
		CEA883E51C1915A8008D871B /* SFSoupIndex.m in Sources */ = {isa = PBXBuildFile; fileRef = 4F96FBD61BFD30030022F021 /* SFSoupIndex.m */; };
		CEA883E61C1915A8008D871B /* SFStoreCursor.h in Headers */ = {isa = PBXBuildFile; fileRef = 4F96FBD71BFD30030022F021 /* SFStoreCursor.h */; settings = {ATTRIBUTES = (Public, ); }; };
		CEA883E71C1915A8008D871B /* SFStoreCursor.m in Sources */ = {isa = PBXBuildFile; fileRef = 4F96FBD81BFD30030022F021 /* SFStoreCursor.m */; };
		CEA883E81C1915A8008D871B /* SmartStoreSDKManager.h in Headers */ = {isa = PBXBuildFile; fileRef = 4F883C751C16279F007D4BAE /* SmartStoreSDKManager.h */; settings = {ATTRIBUTES = (Public, ); }; };
		CEA883E91C1915A8008D871B /* SmartStoreSDKManager.m in Sources */ = {isa = PBXBuildFile; fileRef = 4F883C7A1C1627BD007D4BAE /* SmartStoreSDKManager.m */; };
		CEAAAE57195911E600CBBFE9 /* XCTest.framework in Frameworks */ = {isa = PBXBuildFile; fileRef = CEAAAE56195911E600CBBFE9 /* XCTest.framework */; };
		CEAAAE58195911E600CBBFE9 /* Foundation.framework in Frameworks */ = {isa = PBXBuildFile; fileRef = CEAAAE48195911E600CBBFE9 /* Foundation.framework */; };
		FDCEC343F565157E01DA4FCC /* SFSDKStoreConfig.m in Sources */ = {isa = PBXBuildFile; fileRef = FDCEC27040E2DF5A8CEE0449 /* SFSDKStoreConfig.m */; };
		FDCEC6B90C403AF110F6313E /* SFSDKStoreConfig.h in Headers */ = {isa = PBXBuildFile; fileRef = FDCEC4788224558787F87BD6 /* SFSDKStoreConfig.h */; settings = {ATTRIBUTES = (Public, ); }; };
		FDCEC6DE28140A9E55B3A04E /* SFSDKStoreConfig.h in Headers */ = {isa = PBXBuildFile; fileRef = FDCEC4788224558787F87BD6 /* SFSDKStoreConfig.h */; settings = {ATTRIBUTES = (Public, ); }; };
		FDCECF4A428DEAE8F0E9E092 /* SFSDKStoreConfig.m in Sources */ = {isa = PBXBuildFile; fileRef = FDCEC27040E2DF5A8CEE0449 /* SFSDKStoreConfig.m */; };
/* End PBXBuildFile section */

/* Begin PBXContainerItemProxy section */
		4F06AF281C499F5000F70798 /* PBXContainerItemProxy */ = {
			isa = PBXContainerItemProxy;
			containerPortal = CEAAAE3D195911E600CBBFE9 /* Project object */;
			proxyType = 1;
			remoteGlobalIDString = 4F06AF081C499EB600F70798;
			remoteInfo = SmartStoreTestApp;
		};
		4F06AFD91C49CBD100F70798 /* PBXContainerItemProxy */ = {
			isa = PBXContainerItemProxy;
			containerPortal = CEAAAE3D195911E600CBBFE9 /* Project object */;
			proxyType = 1;
			remoteGlobalIDString = CE4CE2B81C0E4581009F6029;
			remoteInfo = SmartStore;
		};
		828917A01C52D9BC002F9981 /* PBXContainerItemProxy */ = {
			isa = PBXContainerItemProxy;
			containerPortal = 828917981C52D9BC002F9981 /* SalesforceSDKCore.xcodeproj */;
			proxyType = 2;
			remoteGlobalIDString = CE4CE26B1C0E449C009F6029;
			remoteInfo = SalesforceSDKCore;
		};
		828917A21C52D9BC002F9981 /* PBXContainerItemProxy */ = {
			isa = PBXContainerItemProxy;
			containerPortal = 828917981C52D9BC002F9981 /* SalesforceSDKCore.xcodeproj */;
			proxyType = 2;
			remoteGlobalIDString = 82D4642419C7C8170006BDFE;
			remoteInfo = SalesforceSDKCoreTestApp;
		};
		828917A41C52D9BC002F9981 /* PBXContainerItemProxy */ = {
			isa = PBXContainerItemProxy;
			containerPortal = 828917981C52D9BC002F9981 /* SalesforceSDKCore.xcodeproj */;
			proxyType = 2;
			remoteGlobalIDString = 4F7EB4151BFFC88200768720;
			remoteInfo = SalesforceSDKCoreTests;
		};
		828917A61C52D9BC002F9981 /* PBXContainerItemProxy */ = {
			isa = PBXContainerItemProxy;
			containerPortal = 828917981C52D9BC002F9981 /* SalesforceSDKCore.xcodeproj */;
			proxyType = 2;
			remoteGlobalIDString = CEA8825F1C18F722008D871B;
			remoteInfo = SalesforceSDKCoreStatic;
		};
		828917A91C52DA23002F9981 /* PBXContainerItemProxy */ = {
			isa = PBXContainerItemProxy;
			containerPortal = 828917981C52D9BC002F9981 /* SalesforceSDKCore.xcodeproj */;
			proxyType = 1;
			remoteGlobalIDString = CE4CE26A1C0E449C009F6029;
			remoteInfo = SalesforceSDKCore;
		};
		828918031C530D0B002F9981 /* PBXContainerItemProxy */ = {
			isa = PBXContainerItemProxy;
			containerPortal = 828917981C52D9BC002F9981 /* SalesforceSDKCore.xcodeproj */;
			proxyType = 1;
			remoteGlobalIDString = CEA8825E1C18F722008D871B;
			remoteInfo = SalesforceSDKCoreStatic;
		};
/* End PBXContainerItemProxy section */

/* Begin PBXCopyFilesBuildPhase section */
		4F06AFF21C49D53D00F70798 /* Embed Frameworks */ = {
			isa = PBXCopyFilesBuildPhase;
			buildActionMask = 2147483647;
			dstPath = "";
			dstSubfolderSpec = 10;
			files = (
				4F06AFF11C49D53D00F70798 /* SmartStore.framework in Embed Frameworks */,
			);
			name = "Embed Frameworks";
			runOnlyForDeploymentPostprocessing = 0;
		};
/* End PBXCopyFilesBuildPhase section */

/* Begin PBXFileReference section */
		4F06AF091C499EB600F70798 /* SmartStoreTestApp.app */ = {isa = PBXFileReference; explicitFileType = wrapper.application; includeInIndex = 0; path = SmartStoreTestApp.app; sourceTree = BUILT_PRODUCTS_DIR; };
		4F06AF0C1C499EB600F70798 /* main.m */ = {isa = PBXFileReference; lastKnownFileType = sourcecode.c.objc; path = main.m; sourceTree = "<group>"; };
		4F06AF0E1C499EB600F70798 /* AppDelegate.h */ = {isa = PBXFileReference; lastKnownFileType = sourcecode.c.h; path = AppDelegate.h; sourceTree = "<group>"; };
		4F06AF0F1C499EB600F70798 /* AppDelegate.m */ = {isa = PBXFileReference; lastKnownFileType = sourcecode.c.objc; path = AppDelegate.m; sourceTree = "<group>"; };
		4F06AF111C499EB600F70798 /* ViewController.h */ = {isa = PBXFileReference; lastKnownFileType = sourcecode.c.h; path = ViewController.h; sourceTree = "<group>"; };
		4F06AF121C499EB600F70798 /* ViewController.m */ = {isa = PBXFileReference; lastKnownFileType = sourcecode.c.objc; path = ViewController.m; sourceTree = "<group>"; };
		4F06AF151C499EB600F70798 /* Base */ = {isa = PBXFileReference; lastKnownFileType = file.storyboard; name = Base; path = Base.lproj/Main.storyboard; sourceTree = "<group>"; };
		4F06AF171C499EB600F70798 /* Assets.xcassets */ = {isa = PBXFileReference; lastKnownFileType = folder.assetcatalog; path = Assets.xcassets; sourceTree = "<group>"; };
		4F06AF1A1C499EB600F70798 /* Base */ = {isa = PBXFileReference; lastKnownFileType = file.storyboard; name = Base; path = Base.lproj/LaunchScreen.storyboard; sourceTree = "<group>"; };
		4F06AF1C1C499EB600F70798 /* Info.plist */ = {isa = PBXFileReference; lastKnownFileType = text.plist.xml; path = Info.plist; sourceTree = "<group>"; };
		4F230BC31BFEAE430030EEFA /* SmartStore-Prefix.pch */ = {isa = PBXFileReference; fileEncoding = 4; lastKnownFileType = sourcecode.c.h; name = "SmartStore-Prefix.pch"; path = "SmartStore/SmartStore-Prefix.pch"; sourceTree = SOURCE_ROOT; };
		4F51C9EC1D35AC4100100D66 /* SFSmartStoreFTSWithExternalStorageTests.h */ = {isa = PBXFileReference; lastKnownFileType = sourcecode.c.h; path = SFSmartStoreFTSWithExternalStorageTests.h; sourceTree = "<group>"; };
		4F51C9F01D35ACE500100D66 /* SFSmartStoreFTSWithExternalStorageTests.m */ = {isa = PBXFileReference; fileEncoding = 4; lastKnownFileType = sourcecode.c.objc; path = SFSmartStoreFTSWithExternalStorageTests.m; sourceTree = "<group>"; };
		4F883C751C16279F007D4BAE /* SmartStoreSDKManager.h */ = {isa = PBXFileReference; fileEncoding = 4; lastKnownFileType = sourcecode.c.h; path = SmartStoreSDKManager.h; sourceTree = "<group>"; };
		4F883C7A1C1627BD007D4BAE /* SmartStoreSDKManager.m */ = {isa = PBXFileReference; fileEncoding = 4; lastKnownFileType = sourcecode.c.objc; path = SmartStoreSDKManager.m; sourceTree = "<group>"; };
		4F9601531BFD33B30022F021 /* SFSmartSqlWithExternalStorageTests.h */ = {isa = PBXFileReference; fileEncoding = 4; lastKnownFileType = sourcecode.c.h; name = SFSmartSqlWithExternalStorageTests.h; path = SmartStoreTests/SFSmartSqlWithExternalStorageTests.h; sourceTree = SOURCE_ROOT; };
		4F9601541BFD33B30022F021 /* SFSmartSqlWithExternalStorageTests.m */ = {isa = PBXFileReference; fileEncoding = 4; lastKnownFileType = sourcecode.c.objc; name = SFSmartSqlWithExternalStorageTests.m; path = SmartStoreTests/SFSmartSqlWithExternalStorageTests.m; sourceTree = SOURCE_ROOT; };
		4F9601551BFD33B30022F021 /* SFSmartStoreAlterTests.h */ = {isa = PBXFileReference; fileEncoding = 4; lastKnownFileType = sourcecode.c.h; name = SFSmartStoreAlterTests.h; path = SmartStoreTests/SFSmartStoreAlterTests.h; sourceTree = SOURCE_ROOT; };
		4F9601561BFD33B30022F021 /* SFSmartStoreAlterTests.m */ = {isa = PBXFileReference; fileEncoding = 4; lastKnownFileType = sourcecode.c.objc; name = SFSmartStoreAlterTests.m; path = SmartStoreTests/SFSmartStoreAlterTests.m; sourceTree = SOURCE_ROOT; };
		4F9601571BFD33B30022F021 /* SFSmartStoreFullTextSearchSpeedTests.h */ = {isa = PBXFileReference; fileEncoding = 4; lastKnownFileType = sourcecode.c.h; name = SFSmartStoreFullTextSearchSpeedTests.h; path = SmartStoreTests/SFSmartStoreFullTextSearchSpeedTests.h; sourceTree = SOURCE_ROOT; };
		4F9601581BFD33B30022F021 /* SFSmartStoreFullTextSearchSpeedTests.m */ = {isa = PBXFileReference; fileEncoding = 4; lastKnownFileType = sourcecode.c.objc; name = SFSmartStoreFullTextSearchSpeedTests.m; path = SmartStoreTests/SFSmartStoreFullTextSearchSpeedTests.m; sourceTree = SOURCE_ROOT; };
		4F9601591BFD33B30022F021 /* SFSmartStoreFullTextSearchTests.h */ = {isa = PBXFileReference; fileEncoding = 4; lastKnownFileType = sourcecode.c.h; name = SFSmartStoreFullTextSearchTests.h; path = SmartStoreTests/SFSmartStoreFullTextSearchTests.h; sourceTree = SOURCE_ROOT; };
		4F96015A1BFD33B30022F021 /* SFSmartStoreFullTextSearchTests.m */ = {isa = PBXFileReference; fileEncoding = 4; lastKnownFileType = sourcecode.c.objc; name = SFSmartStoreFullTextSearchTests.m; path = SmartStoreTests/SFSmartStoreFullTextSearchTests.m; sourceTree = SOURCE_ROOT; };
		4F96015B1BFD33B30022F021 /* SFSmartStoreTestCase.h */ = {isa = PBXFileReference; fileEncoding = 4; lastKnownFileType = sourcecode.c.h; name = SFSmartStoreTestCase.h; path = SmartStoreTests/SFSmartStoreTestCase.h; sourceTree = SOURCE_ROOT; };
		4F96015C1BFD33B30022F021 /* SFSmartStoreTestCase.m */ = {isa = PBXFileReference; fileEncoding = 4; lastKnownFileType = sourcecode.c.objc; name = SFSmartStoreTestCase.m; path = SmartStoreTests/SFSmartStoreTestCase.m; sourceTree = SOURCE_ROOT; };
		4F96015D1BFD33B30022F021 /* SFSmartStoreTests.h */ = {isa = PBXFileReference; fileEncoding = 4; lastKnownFileType = sourcecode.c.h; name = SFSmartStoreTests.h; path = SmartStoreTests/SFSmartStoreTests.h; sourceTree = SOURCE_ROOT; };
		4F96015E1BFD33B30022F021 /* SFSmartStoreTests.m */ = {isa = PBXFileReference; fileEncoding = 4; lastKnownFileType = sourcecode.c.objc; name = SFSmartStoreTests.m; path = SmartStoreTests/SFSmartStoreTests.m; sourceTree = SOURCE_ROOT; };
		4F96FBC21BFD30030022F021 /* SFAlterSoupLongOperation.h */ = {isa = PBXFileReference; fileEncoding = 4; lastKnownFileType = sourcecode.c.h; name = SFAlterSoupLongOperation.h; path = SmartStore/Classes/SFAlterSoupLongOperation.h; sourceTree = SOURCE_ROOT; };
		4F96FBC31BFD30030022F021 /* SFAlterSoupLongOperation.m */ = {isa = PBXFileReference; fileEncoding = 4; lastKnownFileType = sourcecode.c.objc; name = SFAlterSoupLongOperation.m; path = SmartStore/Classes/SFAlterSoupLongOperation.m; sourceTree = SOURCE_ROOT; };
		4F96FBC41BFD30030022F021 /* SFQuerySpec.h */ = {isa = PBXFileReference; fileEncoding = 4; lastKnownFileType = sourcecode.c.h; name = SFQuerySpec.h; path = SmartStore/Classes/SFQuerySpec.h; sourceTree = SOURCE_ROOT; };
		4F96FBC51BFD30030022F021 /* SFQuerySpec.m */ = {isa = PBXFileReference; fileEncoding = 4; lastKnownFileType = sourcecode.c.objc; name = SFQuerySpec.m; path = SmartStore/Classes/SFQuerySpec.m; sourceTree = SOURCE_ROOT; };
		4F96FBC61BFD30030022F021 /* SFSmartSqlHelper.h */ = {isa = PBXFileReference; fileEncoding = 4; lastKnownFileType = sourcecode.c.h; name = SFSmartSqlHelper.h; path = SmartStore/Classes/SFSmartSqlHelper.h; sourceTree = SOURCE_ROOT; };
		4F96FBC71BFD30030022F021 /* SFSmartSqlHelper.m */ = {isa = PBXFileReference; fileEncoding = 4; lastKnownFileType = sourcecode.c.objc; name = SFSmartSqlHelper.m; path = SmartStore/Classes/SFSmartSqlHelper.m; sourceTree = SOURCE_ROOT; };
		4F96FBC81BFD30030022F021 /* SFSmartStore.h */ = {isa = PBXFileReference; fileEncoding = 4; lastKnownFileType = sourcecode.c.h; name = SFSmartStore.h; path = SmartStore/Classes/SFSmartStore.h; sourceTree = SOURCE_ROOT; };
		4F96FBC91BFD30030022F021 /* SFSmartStore.m */ = {isa = PBXFileReference; fileEncoding = 4; lastKnownFileType = sourcecode.c.objc; name = SFSmartStore.m; path = SmartStore/Classes/SFSmartStore.m; sourceTree = SOURCE_ROOT; };
		4F96FBCA1BFD30030022F021 /* SFSmartStore+Internal.h */ = {isa = PBXFileReference; fileEncoding = 4; lastKnownFileType = sourcecode.c.h; name = "SFSmartStore+Internal.h"; path = "SmartStore/Classes/SFSmartStore+Internal.h"; sourceTree = SOURCE_ROOT; };
		4F96FBCB1BFD30030022F021 /* SFSmartStoreDatabaseManager.h */ = {isa = PBXFileReference; fileEncoding = 4; lastKnownFileType = sourcecode.c.h; name = SFSmartStoreDatabaseManager.h; path = SmartStore/Classes/SFSmartStoreDatabaseManager.h; sourceTree = SOURCE_ROOT; };
		4F96FBCC1BFD30030022F021 /* SFSmartStoreDatabaseManager.m */ = {isa = PBXFileReference; fileEncoding = 4; lastKnownFileType = sourcecode.c.objc; name = SFSmartStoreDatabaseManager.m; path = SmartStore/Classes/SFSmartStoreDatabaseManager.m; sourceTree = SOURCE_ROOT; };
		4F96FBCD1BFD30030022F021 /* SFSmartStoreDatabaseManager+Internal.h */ = {isa = PBXFileReference; fileEncoding = 4; lastKnownFileType = sourcecode.c.h; name = "SFSmartStoreDatabaseManager+Internal.h"; path = "SmartStore/Classes/SFSmartStoreDatabaseManager+Internal.h"; sourceTree = SOURCE_ROOT; };
		4F96FBCE1BFD30030022F021 /* SFSmartStoreInspectorViewController.h */ = {isa = PBXFileReference; fileEncoding = 4; lastKnownFileType = sourcecode.c.h; name = SFSmartStoreInspectorViewController.h; path = SmartStore/Classes/SFSmartStoreInspectorViewController.h; sourceTree = SOURCE_ROOT; };
		4F96FBCF1BFD30030022F021 /* SFSmartStoreInspectorViewController.m */ = {isa = PBXFileReference; fileEncoding = 4; lastKnownFileType = sourcecode.c.objc; name = SFSmartStoreInspectorViewController.m; path = SmartStore/Classes/SFSmartStoreInspectorViewController.m; sourceTree = SOURCE_ROOT; };
		4F96FBD01BFD30030022F021 /* SFSmartStoreUpgrade.h */ = {isa = PBXFileReference; fileEncoding = 4; lastKnownFileType = sourcecode.c.h; name = SFSmartStoreUpgrade.h; path = SmartStore/Classes/SFSmartStoreUpgrade.h; sourceTree = SOURCE_ROOT; };
		4F96FBD11BFD30030022F021 /* SFSmartStoreUpgrade.m */ = {isa = PBXFileReference; fileEncoding = 4; lastKnownFileType = sourcecode.c.objc; name = SFSmartStoreUpgrade.m; path = SmartStore/Classes/SFSmartStoreUpgrade.m; sourceTree = SOURCE_ROOT; };
		4F96FBD21BFD30030022F021 /* SFSmartStoreUpgrade+Internal.h */ = {isa = PBXFileReference; fileEncoding = 4; lastKnownFileType = sourcecode.c.h; name = "SFSmartStoreUpgrade+Internal.h"; path = "SmartStore/Classes/SFSmartStoreUpgrade+Internal.h"; sourceTree = SOURCE_ROOT; };
		4F96FBD31BFD30030022F021 /* SFSmartStoreUtils.h */ = {isa = PBXFileReference; fileEncoding = 4; lastKnownFileType = sourcecode.c.h; name = SFSmartStoreUtils.h; path = SmartStore/Classes/SFSmartStoreUtils.h; sourceTree = SOURCE_ROOT; };
		4F96FBD41BFD30030022F021 /* SFSmartStoreUtils.m */ = {isa = PBXFileReference; fileEncoding = 4; lastKnownFileType = sourcecode.c.objc; name = SFSmartStoreUtils.m; path = SmartStore/Classes/SFSmartStoreUtils.m; sourceTree = SOURCE_ROOT; };
		4F96FBD51BFD30030022F021 /* SFSoupIndex.h */ = {isa = PBXFileReference; fileEncoding = 4; lastKnownFileType = sourcecode.c.h; name = SFSoupIndex.h; path = SmartStore/Classes/SFSoupIndex.h; sourceTree = SOURCE_ROOT; };
		4F96FBD61BFD30030022F021 /* SFSoupIndex.m */ = {isa = PBXFileReference; fileEncoding = 4; lastKnownFileType = sourcecode.c.objc; name = SFSoupIndex.m; path = SmartStore/Classes/SFSoupIndex.m; sourceTree = SOURCE_ROOT; };
		4F96FBD71BFD30030022F021 /* SFStoreCursor.h */ = {isa = PBXFileReference; fileEncoding = 4; lastKnownFileType = sourcecode.c.h; name = SFStoreCursor.h; path = SmartStore/Classes/SFStoreCursor.h; sourceTree = SOURCE_ROOT; };
		4F96FBD81BFD30030022F021 /* SFStoreCursor.m */ = {isa = PBXFileReference; fileEncoding = 4; lastKnownFileType = sourcecode.c.objc; name = SFStoreCursor.m; path = SmartStore/Classes/SFStoreCursor.m; sourceTree = SOURCE_ROOT; };
		4F96FC4D1BFD31EF0022F021 /* SmartStore-Common.xcconfig */ = {isa = PBXFileReference; fileEncoding = 4; lastKnownFileType = text.xcconfig; name = "SmartStore-Common.xcconfig"; path = "Configuration/SmartStore-Common.xcconfig"; sourceTree = "<group>"; };
		4F96FC4E1BFD31EF0022F021 /* SmartStore-Static-iOS-Debug.xcconfig */ = {isa = PBXFileReference; fileEncoding = 4; lastKnownFileType = text.xcconfig; name = "SmartStore-Static-iOS-Debug.xcconfig"; path = "Configuration/SmartStore-Static-iOS-Debug.xcconfig"; sourceTree = "<group>"; };
		4F96FC4F1BFD31EF0022F021 /* SmartStore-Static-iOS-Release.xcconfig */ = {isa = PBXFileReference; fileEncoding = 4; lastKnownFileType = text.xcconfig; name = "SmartStore-Static-iOS-Release.xcconfig"; path = "Configuration/SmartStore-Static-iOS-Release.xcconfig"; sourceTree = "<group>"; };
		4F96FC501BFD31EF0022F021 /* SmartStore-Test.xcconfig */ = {isa = PBXFileReference; fileEncoding = 4; lastKnownFileType = text.xcconfig; name = "SmartStore-Test.xcconfig"; path = "Configuration/SmartStore-Test.xcconfig"; sourceTree = "<group>"; };
		4F99B53B1CEA81A6007BC4D2 /* SFSmartStoreLoadTests.m */ = {isa = PBXFileReference; fileEncoding = 4; lastKnownFileType = sourcecode.c.objc; path = SFSmartStoreLoadTests.m; sourceTree = "<group>"; };
		4F99B5401CEA81C6007BC4D2 /* SFSmartStoreLoadTests.h */ = {isa = PBXFileReference; lastKnownFileType = sourcecode.c.h; path = SFSmartStoreLoadTests.h; sourceTree = "<group>"; };
		4FAB7D781F8D888400226249 /* userstore.json */ = {isa = PBXFileReference; lastKnownFileType = text.json; path = userstore.json; sourceTree = "<group>"; };
		4FAB7D7D1F8D88C100226249 /* globalstore.json */ = {isa = PBXFileReference; lastKnownFileType = text.json; path = globalstore.json; sourceTree = "<group>"; };
		4FAB7D7F1F8D8BB500226249 /* SFSDKStoreConfigTests.h */ = {isa = PBXFileReference; lastKnownFileType = sourcecode.c.h; path = SFSDKStoreConfigTests.h; sourceTree = "<group>"; };
		4FAB7D801F8D8C3C00226249 /* SFSDKStoreConfigTests.m */ = {isa = PBXFileReference; lastKnownFileType = sourcecode.c.objc; path = SFSDKStoreConfigTests.m; sourceTree = "<group>"; };
		4FF4DC651CF51D9300385C2C /* SFQuerySpecTests.h */ = {isa = PBXFileReference; fileEncoding = 4; lastKnownFileType = sourcecode.c.h; path = SFQuerySpecTests.h; sourceTree = "<group>"; };
		4FF4DC661CF51D9300385C2C /* SFQuerySpecTests.m */ = {isa = PBXFileReference; fileEncoding = 4; lastKnownFileType = sourcecode.c.objc; path = SFQuerySpecTests.m; sourceTree = "<group>"; };
		4FFEE6341BFE98B600B7AA8A /* SmartStoreTests-Info.plist */ = {isa = PBXFileReference; fileEncoding = 4; lastKnownFileType = text.plist.xml; name = "SmartStoreTests-Info.plist"; path = "SmartStoreTests/SmartStoreTests-Info.plist"; sourceTree = SOURCE_ROOT; };
		8289177A1C52B705002F9981 /* FMDatabase.h */ = {isa = PBXFileReference; fileEncoding = 4; lastKnownFileType = sourcecode.c.h; name = FMDatabase.h; path = ../../../../external/fmdb/src/fmdb/FMDatabase.h; sourceTree = "<group>"; };
		8289177B1C52B705002F9981 /* FMDatabase.m */ = {isa = PBXFileReference; fileEncoding = 4; lastKnownFileType = sourcecode.c.objc; name = FMDatabase.m; path = ../../../../external/fmdb/src/fmdb/FMDatabase.m; sourceTree = "<group>"; };
		8289177C1C52B705002F9981 /* FMDatabaseAdditions.h */ = {isa = PBXFileReference; fileEncoding = 4; lastKnownFileType = sourcecode.c.h; name = FMDatabaseAdditions.h; path = ../../../../external/fmdb/src/fmdb/FMDatabaseAdditions.h; sourceTree = "<group>"; };
		8289177D1C52B705002F9981 /* FMDatabaseAdditions.m */ = {isa = PBXFileReference; fileEncoding = 4; lastKnownFileType = sourcecode.c.objc; name = FMDatabaseAdditions.m; path = ../../../../external/fmdb/src/fmdb/FMDatabaseAdditions.m; sourceTree = "<group>"; };
		8289177E1C52B705002F9981 /* FMDatabasePool.h */ = {isa = PBXFileReference; fileEncoding = 4; lastKnownFileType = sourcecode.c.h; name = FMDatabasePool.h; path = ../../../../external/fmdb/src/fmdb/FMDatabasePool.h; sourceTree = "<group>"; };
		8289177F1C52B705002F9981 /* FMDatabasePool.m */ = {isa = PBXFileReference; fileEncoding = 4; lastKnownFileType = sourcecode.c.objc; name = FMDatabasePool.m; path = ../../../../external/fmdb/src/fmdb/FMDatabasePool.m; sourceTree = "<group>"; };
		828917801C52B705002F9981 /* FMDatabaseQueue.h */ = {isa = PBXFileReference; fileEncoding = 4; lastKnownFileType = sourcecode.c.h; name = FMDatabaseQueue.h; path = ../../../../external/fmdb/src/fmdb/FMDatabaseQueue.h; sourceTree = "<group>"; };
		828917811C52B705002F9981 /* FMDatabaseQueue.m */ = {isa = PBXFileReference; fileEncoding = 4; lastKnownFileType = sourcecode.c.objc; name = FMDatabaseQueue.m; path = ../../../../external/fmdb/src/fmdb/FMDatabaseQueue.m; sourceTree = "<group>"; };
		828917821C52B705002F9981 /* FMResultSet.h */ = {isa = PBXFileReference; fileEncoding = 4; lastKnownFileType = sourcecode.c.h; name = FMResultSet.h; path = ../../../../external/fmdb/src/fmdb/FMResultSet.h; sourceTree = "<group>"; };
		828917831C52B705002F9981 /* FMResultSet.m */ = {isa = PBXFileReference; fileEncoding = 4; lastKnownFileType = sourcecode.c.objc; name = FMResultSet.m; path = ../../../../external/fmdb/src/fmdb/FMResultSet.m; sourceTree = "<group>"; };
		828917981C52D9BC002F9981 /* SalesforceSDKCore.xcodeproj */ = {isa = PBXFileReference; lastKnownFileType = "wrapper.pb-project"; name = SalesforceSDKCore.xcodeproj; path = ../SalesforceSDKCore/SalesforceSDKCore.xcodeproj; sourceTree = "<group>"; };
		828917AC1C52DB6B002F9981 /* libsqlcipher.a */ = {isa = PBXFileReference; lastKnownFileType = archive.ar; name = libsqlcipher.a; path = ../../external/ThirdPartyDependencies/sqlcipher/libsqlcipher.a; sourceTree = "<group>"; };
		829DA2A91C1266F70040F5F1 /* SmartStore.h */ = {isa = PBXFileReference; fileEncoding = 4; lastKnownFileType = sourcecode.c.h; path = SmartStore.h; sourceTree = "<group>"; };
		82D0AB331C497FD90081F833 /* Info.plist */ = {isa = PBXFileReference; fileEncoding = 4; lastKnownFileType = text.plist.xml; path = Info.plist; sourceTree = "<group>"; };
		B7282F441D8C713C00475F79 /* SmartStoreTestApp.entitlements */ = {isa = PBXFileReference; lastKnownFileType = text.plist.entitlements; path = SmartStoreTestApp.entitlements; sourceTree = "<group>"; };
		B7DD6CE41DC178D0004C04F4 /* SFMultipleSmartStoresTest.h */ = {isa = PBXFileReference; fileEncoding = 4; lastKnownFileType = sourcecode.c.h; path = SFMultipleSmartStoresTest.h; sourceTree = "<group>"; };
		B7DD6CE51DC178D0004C04F4 /* SFMultipleSmartStoresTests.m */ = {isa = PBXFileReference; fileEncoding = 4; lastKnownFileType = sourcecode.c.objc; path = SFMultipleSmartStoresTests.m; sourceTree = "<group>"; };
		C03DE7CD1D1B296400BFA6BD /* SFSoupSpec.h */ = {isa = PBXFileReference; fileEncoding = 4; lastKnownFileType = sourcecode.c.h; path = SFSoupSpec.h; sourceTree = "<group>"; };
		C03DE7CE1D1B296400BFA6BD /* SFSoupSpec.m */ = {isa = PBXFileReference; fileEncoding = 4; lastKnownFileType = sourcecode.c.objc; path = SFSoupSpec.m; sourceTree = "<group>"; };
		C03DE7CF1D1B296400BFA6BD /* SFSoupSpec+Internal.h */ = {isa = PBXFileReference; fileEncoding = 4; lastKnownFileType = sourcecode.c.h; path = "SFSoupSpec+Internal.h"; sourceTree = "<group>"; };
		C03DE7DA1D1B44D000BFA6BD /* SFSmartStoreWithExternalStorageTests.m */ = {isa = PBXFileReference; fileEncoding = 4; lastKnownFileType = sourcecode.c.objc; path = SFSmartStoreWithExternalStorageTests.m; sourceTree = "<group>"; };
		C03DE7DF1D1B6B8E00BFA6BD /* SFSmartSqlTests.h */ = {isa = PBXFileReference; fileEncoding = 4; lastKnownFileType = sourcecode.c.h; path = SFSmartSqlTests.h; sourceTree = "<group>"; };
		C03DE7E01D1B6B8E00BFA6BD /* SFSmartSqlTests.m */ = {isa = PBXFileReference; fileEncoding = 4; lastKnownFileType = sourcecode.c.objc; path = SFSmartSqlTests.m; sourceTree = "<group>"; };
		CE0AB0771C10D3B500BFAEED /* libxml2.tbd */ = {isa = PBXFileReference; lastKnownFileType = "sourcecode.text-based-dylib-definition"; name = libxml2.tbd; path = usr/lib/libxml2.tbd; sourceTree = SDKROOT; };
		CE1F0AFA19ACF95B0007F22F /* ImageIO.framework */ = {isa = PBXFileReference; lastKnownFileType = wrapper.framework; name = ImageIO.framework; path = System/Library/Frameworks/ImageIO.framework; sourceTree = SDKROOT; };
		CE1F0AFB19ACF95B0007F22F /* CFNetwork.framework */ = {isa = PBXFileReference; lastKnownFileType = wrapper.framework; name = CFNetwork.framework; path = System/Library/Frameworks/CFNetwork.framework; sourceTree = SDKROOT; };
		CE1F0AFC19ACF95B0007F22F /* CoreData.framework */ = {isa = PBXFileReference; lastKnownFileType = wrapper.framework; name = CoreData.framework; path = System/Library/Frameworks/CoreData.framework; sourceTree = SDKROOT; };
		CE1F0AFD19ACF95B0007F22F /* CoreGraphics.framework */ = {isa = PBXFileReference; lastKnownFileType = wrapper.framework; name = CoreGraphics.framework; path = System/Library/Frameworks/CoreGraphics.framework; sourceTree = SDKROOT; };
		CE1F0AFE19ACF95B0007F22F /* MessageUI.framework */ = {isa = PBXFileReference; lastKnownFileType = wrapper.framework; name = MessageUI.framework; path = System/Library/Frameworks/MessageUI.framework; sourceTree = SDKROOT; };
		CE1F0AFF19ACF95B0007F22F /* MobileCoreServices.framework */ = {isa = PBXFileReference; lastKnownFileType = wrapper.framework; name = MobileCoreServices.framework; path = System/Library/Frameworks/MobileCoreServices.framework; sourceTree = SDKROOT; };
		CE1F0B0019ACF95B0007F22F /* QuartzCore.framework */ = {isa = PBXFileReference; lastKnownFileType = wrapper.framework; name = QuartzCore.framework; path = System/Library/Frameworks/QuartzCore.framework; sourceTree = SDKROOT; };
		CE1F0B0119ACF95B0007F22F /* Security.framework */ = {isa = PBXFileReference; lastKnownFileType = wrapper.framework; name = Security.framework; path = System/Library/Frameworks/Security.framework; sourceTree = SDKROOT; };
		CE1F0B0219ACF95B0007F22F /* SystemConfiguration.framework */ = {isa = PBXFileReference; lastKnownFileType = wrapper.framework; name = SystemConfiguration.framework; path = System/Library/Frameworks/SystemConfiguration.framework; sourceTree = SDKROOT; };
		CE1F0B0319ACF95B0007F22F /* UIKit.framework */ = {isa = PBXFileReference; lastKnownFileType = wrapper.framework; name = UIKit.framework; path = System/Library/Frameworks/UIKit.framework; sourceTree = SDKROOT; };
		CE2B8CED1CE9319E00C6FC6A /* SalesforceAnalytics.framework */ = {isa = PBXFileReference; lastKnownFileType = wrapper.framework; name = SalesforceAnalytics.framework; path = "../../../../../../Library/Developer/Xcode/DerivedData/SalesforceMobileSDK-erwysdzugrhbsladkxhwtacrvgws/Build/Products/Debug-iphonesimulator/SalesforceAnalytics.framework"; sourceTree = "<group>"; };
		CE4CE2B91C0E4581009F6029 /* SmartStore.framework */ = {isa = PBXFileReference; explicitFileType = wrapper.framework; includeInIndex = 0; path = SmartStore.framework; sourceTree = BUILT_PRODUCTS_DIR; };
		CE4CE5841C0FB648009F6029 /* libz.tbd */ = {isa = PBXFileReference; lastKnownFileType = "sourcecode.text-based-dylib-definition"; name = libz.tbd; path = usr/lib/libz.tbd; sourceTree = SDKROOT; };
		CE682C7E1F01B5E3003C43C0 /* SFSDKSmartStoreLogger.h */ = {isa = PBXFileReference; fileEncoding = 4; lastKnownFileType = sourcecode.c.h; path = SFSDKSmartStoreLogger.h; sourceTree = "<group>"; };
		CE682C7F1F01B5E3003C43C0 /* SFSDKSmartStoreLogger.m */ = {isa = PBXFileReference; fileEncoding = 4; lastKnownFileType = sourcecode.c.objc; path = SFSDKSmartStoreLogger.m; sourceTree = "<group>"; };
		CEA883BA1C1914DE008D871B /* libSmartStore.a */ = {isa = PBXFileReference; explicitFileType = archive.ar; includeInIndex = 0; path = libSmartStore.a; sourceTree = BUILT_PRODUCTS_DIR; };
		CEAAAE48195911E600CBBFE9 /* Foundation.framework */ = {isa = PBXFileReference; lastKnownFileType = wrapper.framework; name = Foundation.framework; path = System/Library/Frameworks/Foundation.framework; sourceTree = SDKROOT; };
		CEAAAE55195911E600CBBFE9 /* SmartStoreTests.xctest */ = {isa = PBXFileReference; explicitFileType = wrapper.cfbundle; includeInIndex = 0; path = SmartStoreTests.xctest; sourceTree = BUILT_PRODUCTS_DIR; };
		CEAAAE56195911E600CBBFE9 /* XCTest.framework */ = {isa = PBXFileReference; lastKnownFileType = wrapper.framework; name = XCTest.framework; path = Library/Frameworks/XCTest.framework; sourceTree = DEVELOPER_DIR; };
		CEAAAE62195911E600CBBFE9 /* en */ = {isa = PBXFileReference; lastKnownFileType = text.plist.strings; name = en; path = en.lproj/InfoPlist.strings; sourceTree = "<group>"; };
		CECB66231C1BB886008038AE /* SmartStore-Dynamic-iOS-Debug.xcconfig */ = {isa = PBXFileReference; fileEncoding = 4; lastKnownFileType = text.xcconfig; name = "SmartStore-Dynamic-iOS-Debug.xcconfig"; path = "Configuration/SmartStore-Dynamic-iOS-Debug.xcconfig"; sourceTree = "<group>"; };
		CECB66241C1BB886008038AE /* SmartStore-Dynamic-iOS-Release.xcconfig */ = {isa = PBXFileReference; fileEncoding = 4; lastKnownFileType = text.xcconfig; name = "SmartStore-Dynamic-iOS-Release.xcconfig"; path = "Configuration/SmartStore-Dynamic-iOS-Release.xcconfig"; sourceTree = "<group>"; };
		FDCEC27040E2DF5A8CEE0449 /* SFSDKStoreConfig.m */ = {isa = PBXFileReference; fileEncoding = 4; lastKnownFileType = sourcecode.c.objc; path = SFSDKStoreConfig.m; sourceTree = "<group>"; };
		FDCEC4788224558787F87BD6 /* SFSDKStoreConfig.h */ = {isa = PBXFileReference; fileEncoding = 4; lastKnownFileType = sourcecode.c.h; path = SFSDKStoreConfig.h; sourceTree = "<group>"; };
/* End PBXFileReference section */

/* Begin PBXFrameworksBuildPhase section */
		4F06AF061C499EB600F70798 /* Frameworks */ = {
			isa = PBXFrameworksBuildPhase;
			buildActionMask = 2147483647;
			files = (
				4F06AFF01C49D53D00F70798 /* SmartStore.framework in Frameworks */,
			);
			runOnlyForDeploymentPostprocessing = 0;
		};
		CE4CE2B51C0E4581009F6029 /* Frameworks */ = {
			isa = PBXFrameworksBuildPhase;
			buildActionMask = 2147483647;
			files = (
				CE2B8CEE1CE9319E00C6FC6A /* SalesforceAnalytics.framework in Frameworks */,
				828917AD1C52DB6B002F9981 /* libsqlcipher.a in Frameworks */,
				828917A81C52D9CE002F9981 /* SalesforceSDKCore.framework in Frameworks */,
				CE4CE5851C0FB648009F6029 /* libz.tbd in Frameworks */,
				CE4CE48D1C0E5F6D009F6029 /* Foundation.framework in Frameworks */,
			);
			runOnlyForDeploymentPostprocessing = 0;
		};
		CEA883B71C1914DE008D871B /* Frameworks */ = {
			isa = PBXFrameworksBuildPhase;
			buildActionMask = 2147483647;
			files = (
				CEA883CB1C191580008D871B /* Foundation.framework in Frameworks */,
				6F96F9A01CB824EF00B2A120 /* libsqlcipher.a in Frameworks */,
			);
			runOnlyForDeploymentPostprocessing = 0;
		};
		CEAAAE52195911E600CBBFE9 /* Frameworks */ = {
			isa = PBXFrameworksBuildPhase;
			buildActionMask = 2147483647;
			files = (
				CE0AB0781C10D3B500BFAEED /* libxml2.tbd in Frameworks */,
				CE0AB0761C10D3AF00BFAEED /* libz.tbd in Frameworks */,
				CEAAAE58195911E600CBBFE9 /* Foundation.framework in Frameworks */,
				CE1F0B0419ACF95B0007F22F /* ImageIO.framework in Frameworks */,
				CE1F0B0519ACF95B0007F22F /* CFNetwork.framework in Frameworks */,
				CE1F0B0619ACF95B0007F22F /* CoreData.framework in Frameworks */,
				CE1F0B0719ACF95B0007F22F /* CoreGraphics.framework in Frameworks */,
				CE1F0B0819ACF95B0007F22F /* MessageUI.framework in Frameworks */,
				CE1F0B0919ACF95B0007F22F /* MobileCoreServices.framework in Frameworks */,
				CE1F0B0A19ACF95B0007F22F /* QuartzCore.framework in Frameworks */,
				CE1F0B0B19ACF95B0007F22F /* Security.framework in Frameworks */,
				CE1F0B0C19ACF95B0007F22F /* SystemConfiguration.framework in Frameworks */,
				CE1F0B0D19ACF95B0007F22F /* UIKit.framework in Frameworks */,
				CEAAAE57195911E600CBBFE9 /* XCTest.framework in Frameworks */,
			);
			runOnlyForDeploymentPostprocessing = 0;
		};
/* End PBXFrameworksBuildPhase section */

/* Begin PBXGroup section */
		4F06AF0A1C499EB600F70798 /* SmartStoreTestApp */ = {
			isa = PBXGroup;
			children = (
				B7282F441D8C713C00475F79 /* SmartStoreTestApp.entitlements */,
				4F06AF0E1C499EB600F70798 /* AppDelegate.h */,
				4F06AF0F1C499EB600F70798 /* AppDelegate.m */,
				4F06AF111C499EB600F70798 /* ViewController.h */,
				4F06AF121C499EB600F70798 /* ViewController.m */,
				4F06AF141C499EB600F70798 /* Main.storyboard */,
				4F06AF171C499EB600F70798 /* Assets.xcassets */,
				4F06AF191C499EB600F70798 /* LaunchScreen.storyboard */,
				4F06AF1C1C499EB600F70798 /* Info.plist */,
				4F06AF0B1C499EB600F70798 /* Supporting Files */,
				4FAB7D781F8D888400226249 /* userstore.json */,
				4FAB7D7D1F8D88C100226249 /* globalstore.json */,
			);
			path = SmartStoreTestApp;
			sourceTree = "<group>";
		};
		4F06AF0B1C499EB600F70798 /* Supporting Files */ = {
			isa = PBXGroup;
			children = (
				4F06AF0C1C499EB600F70798 /* main.m */,
			);
			name = "Supporting Files";
			sourceTree = "<group>";
		};
		828917791C52B6E2002F9981 /* fmdb */ = {
			isa = PBXGroup;
			children = (
				8289177A1C52B705002F9981 /* FMDatabase.h */,
				8289177B1C52B705002F9981 /* FMDatabase.m */,
				8289177C1C52B705002F9981 /* FMDatabaseAdditions.h */,
				8289177D1C52B705002F9981 /* FMDatabaseAdditions.m */,
				8289177E1C52B705002F9981 /* FMDatabasePool.h */,
				8289177F1C52B705002F9981 /* FMDatabasePool.m */,
				828917801C52B705002F9981 /* FMDatabaseQueue.h */,
				828917811C52B705002F9981 /* FMDatabaseQueue.m */,
				828917821C52B705002F9981 /* FMResultSet.h */,
				828917831C52B705002F9981 /* FMResultSet.m */,
			);
			name = fmdb;
			sourceTree = "<group>";
		};
		828917991C52D9BC002F9981 /* Products */ = {
			isa = PBXGroup;
			children = (
				828917A11C52D9BC002F9981 /* SalesforceSDKCore.framework */,
				828917A31C52D9BC002F9981 /* SalesforceSDKCoreTestApp.app */,
				828917A51C52D9BC002F9981 /* SalesforceSDKCoreTests.xctest */,
				828917A71C52D9BC002F9981 /* libSalesforceSDKCore.a */,
			);
			name = Products;
			sourceTree = "<group>";
		};
		CE3FE5811AD488F800E65B49 /* Configuration */ = {
			isa = PBXGroup;
			children = (
				CECB66231C1BB886008038AE /* SmartStore-Dynamic-iOS-Debug.xcconfig */,
				CECB66241C1BB886008038AE /* SmartStore-Dynamic-iOS-Release.xcconfig */,
				4F96FC4D1BFD31EF0022F021 /* SmartStore-Common.xcconfig */,
				4F96FC4E1BFD31EF0022F021 /* SmartStore-Static-iOS-Debug.xcconfig */,
				4F96FC4F1BFD31EF0022F021 /* SmartStore-Static-iOS-Release.xcconfig */,
				4F96FC501BFD31EF0022F021 /* SmartStore-Test.xcconfig */,
			);
			name = Configuration;
			sourceTree = "<group>";
		};
		CEAAAE3C195911E600CBBFE9 = {
			isa = PBXGroup;
			children = (
				CE3FE5811AD488F800E65B49 /* Configuration */,
				CEAAAE4A195911E600CBBFE9 /* SmartStore */,
				CEAAAE5E195911E600CBBFE9 /* SmartStoreTests */,
				4F06AF0A1C499EB600F70798 /* SmartStoreTestApp */,
				CEAAAE47195911E600CBBFE9 /* Frameworks */,
				CEAAAE46195911E600CBBFE9 /* Products */,
			);
			sourceTree = "<group>";
		};
		CEAAAE46195911E600CBBFE9 /* Products */ = {
			isa = PBXGroup;
			children = (
				CEAAAE55195911E600CBBFE9 /* SmartStoreTests.xctest */,
				CE4CE2B91C0E4581009F6029 /* SmartStore.framework */,
				CEA883BA1C1914DE008D871B /* libSmartStore.a */,
				4F06AF091C499EB600F70798 /* SmartStoreTestApp.app */,
			);
			name = Products;
			sourceTree = "<group>";
		};
		CEAAAE47195911E600CBBFE9 /* Frameworks */ = {
			isa = PBXGroup;
			children = (
				CE2B8CED1CE9319E00C6FC6A /* SalesforceAnalytics.framework */,
				828917981C52D9BC002F9981 /* SalesforceSDKCore.xcodeproj */,
				828917AC1C52DB6B002F9981 /* libsqlcipher.a */,
				CE0AB0771C10D3B500BFAEED /* libxml2.tbd */,
				CE4CE5841C0FB648009F6029 /* libz.tbd */,
				CE1F0AFA19ACF95B0007F22F /* ImageIO.framework */,
				CE1F0AFB19ACF95B0007F22F /* CFNetwork.framework */,
				CE1F0AFC19ACF95B0007F22F /* CoreData.framework */,
				CE1F0AFD19ACF95B0007F22F /* CoreGraphics.framework */,
				CE1F0AFE19ACF95B0007F22F /* MessageUI.framework */,
				CE1F0AFF19ACF95B0007F22F /* MobileCoreServices.framework */,
				CE1F0B0019ACF95B0007F22F /* QuartzCore.framework */,
				CE1F0B0119ACF95B0007F22F /* Security.framework */,
				CE1F0B0219ACF95B0007F22F /* SystemConfiguration.framework */,
				CE1F0B0319ACF95B0007F22F /* UIKit.framework */,
				CEAAAE48195911E600CBBFE9 /* Foundation.framework */,
				CEAAAE56195911E600CBBFE9 /* XCTest.framework */,
			);
			name = Frameworks;
			sourceTree = "<group>";
		};
		CEAAAE4A195911E600CBBFE9 /* SmartStore */ = {
			isa = PBXGroup;
			children = (
				829DA2A91C1266F70040F5F1 /* SmartStore.h */,
				CEF50A79196B3EB60076264C /* Classes */,
				CEAAAE4B195911E600CBBFE9 /* Supporting Files */,
			);
			path = SmartStore;
			sourceTree = "<group>";
		};
		CEAAAE4B195911E600CBBFE9 /* Supporting Files */ = {
			isa = PBXGroup;
			children = (
				82D0AB331C497FD90081F833 /* Info.plist */,
				4F230BC31BFEAE430030EEFA /* SmartStore-Prefix.pch */,
			);
			name = "Supporting Files";
			sourceTree = "<group>";
		};
		CEAAAE5E195911E600CBBFE9 /* SmartStoreTests */ = {
			isa = PBXGroup;
			children = (
				B7DD6CE41DC178D0004C04F4 /* SFMultipleSmartStoresTest.h */,
				B7DD6CE51DC178D0004C04F4 /* SFMultipleSmartStoresTests.m */,
				4FF4DC651CF51D9300385C2C /* SFQuerySpecTests.h */,
				4FF4DC661CF51D9300385C2C /* SFQuerySpecTests.m */,
				4FAB7D7F1F8D8BB500226249 /* SFSDKStoreConfigTests.h */,
				4FAB7D801F8D8C3C00226249 /* SFSDKStoreConfigTests.m */,
				C03DE7DF1D1B6B8E00BFA6BD /* SFSmartSqlTests.h */,
				C03DE7E01D1B6B8E00BFA6BD /* SFSmartSqlTests.m */,
				4F9601531BFD33B30022F021 /* SFSmartSqlWithExternalStorageTests.h */,
				4F9601541BFD33B30022F021 /* SFSmartSqlWithExternalStorageTests.m */,
				4F9601551BFD33B30022F021 /* SFSmartStoreAlterTests.h */,
				4F9601561BFD33B30022F021 /* SFSmartStoreAlterTests.m */,
				4F51C9EC1D35AC4100100D66 /* SFSmartStoreFTSWithExternalStorageTests.h */,
				4F51C9F01D35ACE500100D66 /* SFSmartStoreFTSWithExternalStorageTests.m */,
				4F9601571BFD33B30022F021 /* SFSmartStoreFullTextSearchSpeedTests.h */,
				4F9601581BFD33B30022F021 /* SFSmartStoreFullTextSearchSpeedTests.m */,
				4F9601591BFD33B30022F021 /* SFSmartStoreFullTextSearchTests.h */,
				4F96015A1BFD33B30022F021 /* SFSmartStoreFullTextSearchTests.m */,
				4F99B5401CEA81C6007BC4D2 /* SFSmartStoreLoadTests.h */,
				4F99B53B1CEA81A6007BC4D2 /* SFSmartStoreLoadTests.m */,
				4F96015B1BFD33B30022F021 /* SFSmartStoreTestCase.h */,
				4F96015C1BFD33B30022F021 /* SFSmartStoreTestCase.m */,
				4F96015D1BFD33B30022F021 /* SFSmartStoreTests.h */,
				4F96015E1BFD33B30022F021 /* SFSmartStoreTests.m */,
				C03DE7DA1D1B44D000BFA6BD /* SFSmartStoreWithExternalStorageTests.m */,
				CEAAAE5F195911E600CBBFE9 /* Supporting Files */,
			);
			path = SmartStoreTests;
			sourceTree = "<group>";
		};
		CEAAAE5F195911E600CBBFE9 /* Supporting Files */ = {
			isa = PBXGroup;
			children = (
				4FFEE6341BFE98B600B7AA8A /* SmartStoreTests-Info.plist */,
				CEAAAE61195911E600CBBFE9 /* InfoPlist.strings */,
			);
			name = "Supporting Files";
			sourceTree = "<group>";
		};
		CEF50A79196B3EB60076264C /* Classes */ = {
			isa = PBXGroup;
			children = (
				828917791C52B6E2002F9981 /* fmdb */,
				CE682C7E1F01B5E3003C43C0 /* SFSDKSmartStoreLogger.h */,
				CE682C7F1F01B5E3003C43C0 /* SFSDKSmartStoreLogger.m */,
				4F96FBC21BFD30030022F021 /* SFAlterSoupLongOperation.h */,
				4F96FBC31BFD30030022F021 /* SFAlterSoupLongOperation.m */,
				4F96FBC41BFD30030022F021 /* SFQuerySpec.h */,
				4F96FBC51BFD30030022F021 /* SFQuerySpec.m */,
				4F96FBC61BFD30030022F021 /* SFSmartSqlHelper.h */,
				4F96FBC71BFD30030022F021 /* SFSmartSqlHelper.m */,
				4F96FBC81BFD30030022F021 /* SFSmartStore.h */,
				4F96FBC91BFD30030022F021 /* SFSmartStore.m */,
				4F96FBCA1BFD30030022F021 /* SFSmartStore+Internal.h */,
				4F96FBCB1BFD30030022F021 /* SFSmartStoreDatabaseManager.h */,
				4F96FBCC1BFD30030022F021 /* SFSmartStoreDatabaseManager.m */,
				4F96FBCD1BFD30030022F021 /* SFSmartStoreDatabaseManager+Internal.h */,
				4F96FBCE1BFD30030022F021 /* SFSmartStoreInspectorViewController.h */,
				4F96FBCF1BFD30030022F021 /* SFSmartStoreInspectorViewController.m */,
				4F96FBD01BFD30030022F021 /* SFSmartStoreUpgrade.h */,
				4F96FBD11BFD30030022F021 /* SFSmartStoreUpgrade.m */,
				4F96FBD21BFD30030022F021 /* SFSmartStoreUpgrade+Internal.h */,
				4F96FBD31BFD30030022F021 /* SFSmartStoreUtils.h */,
				4F96FBD41BFD30030022F021 /* SFSmartStoreUtils.m */,
				4F96FBD51BFD30030022F021 /* SFSoupIndex.h */,
				4F96FBD61BFD30030022F021 /* SFSoupIndex.m */,
				4F96FBD71BFD30030022F021 /* SFStoreCursor.h */,
				4F96FBD81BFD30030022F021 /* SFStoreCursor.m */,
				4F883C751C16279F007D4BAE /* SmartStoreSDKManager.h */,
				4F883C7A1C1627BD007D4BAE /* SmartStoreSDKManager.m */,
				C03DE7CD1D1B296400BFA6BD /* SFSoupSpec.h */,
				C03DE7CE1D1B296400BFA6BD /* SFSoupSpec.m */,
				C03DE7CF1D1B296400BFA6BD /* SFSoupSpec+Internal.h */,
				FDCEC27040E2DF5A8CEE0449 /* SFSDKStoreConfig.m */,
				FDCEC4788224558787F87BD6 /* SFSDKStoreConfig.h */,
			);
			path = Classes;
			sourceTree = "<group>";
		};
/* End PBXGroup section */

/* Begin PBXHeadersBuildPhase section */
		CE4CE2B61C0E4581009F6029 /* Headers */ = {
			isa = PBXHeadersBuildPhase;
			buildActionMask = 2147483647;
			files = (
				8289178A1C52B705002F9981 /* FMDatabaseQueue.h in Headers */,
				CE4CE4131C0E59DA009F6029 /* SFSmartStore+Internal.h in Headers */,
				CE4CE4171C0E59DA009F6029 /* SFSmartStoreInspectorViewController.h in Headers */,
				C03DE7D01D1B296400BFA6BD /* SFSoupSpec.h in Headers */,
				CE4CE41E1C0E59DA009F6029 /* SFSoupIndex.h in Headers */,
				CE4CE4161C0E59DA009F6029 /* SFSmartStoreDatabaseManager+Internal.h in Headers */,
				828917841C52B705002F9981 /* FMDatabase.h in Headers */,
				CE4CE41B1C0E59DA009F6029 /* SFSmartStoreUpgrade+Internal.h in Headers */,
				CE4CE40F1C0E59DA009F6029 /* SFSmartSqlHelper.h in Headers */,
				829DA2AA1C1266F70040F5F1 /* SmartStore.h in Headers */,
				CE4CE4111C0E59DA009F6029 /* SFSmartStore.h in Headers */,
				4F883C761C16279F007D4BAE /* SmartStoreSDKManager.h in Headers */,
				CE682C801F01B5E3003C43C0 /* SFSDKSmartStoreLogger.h in Headers */,
				828917881C52B705002F9981 /* FMDatabasePool.h in Headers */,
				CE4CE4191C0E59DA009F6029 /* SFSmartStoreUpgrade.h in Headers */,
				CE4CE40B1C0E59DA009F6029 /* SFAlterSoupLongOperation.h in Headers */,
				CE4CE4141C0E59DA009F6029 /* SFSmartStoreDatabaseManager.h in Headers */,
				8289178C1C52B705002F9981 /* FMResultSet.h in Headers */,
				CE4CE5691C0E7845009F6029 /* SmartStore-Prefix.pch in Headers */,
				828917861C52B705002F9981 /* FMDatabaseAdditions.h in Headers */,
				CE4CE40D1C0E59DA009F6029 /* SFQuerySpec.h in Headers */,
				C03DE7D31D1B296400BFA6BD /* SFSoupSpec+Internal.h in Headers */,
				CE4CE41C1C0E59DA009F6029 /* SFSmartStoreUtils.h in Headers */,
				CE4CE4201C0E59DA009F6029 /* SFStoreCursor.h in Headers */,
				FDCEC6B90C403AF110F6313E /* SFSDKStoreConfig.h in Headers */,
			);
			runOnlyForDeploymentPostprocessing = 0;
		};
		CEA883C61C19155B008D871B /* Headers */ = {
			isa = PBXHeadersBuildPhase;
			buildActionMask = 2147483647;
			files = (
				C03DE7D71D1B297E00BFA6BD /* SFSoupSpec.h in Headers */,
				828917921C52B715002F9981 /* FMDatabasePool.h in Headers */,
				CE682C851F01B64E003C43C0 /* SFSDKSmartStoreLogger.h in Headers */,
				CEA883E21C1915A8008D871B /* SFSmartStoreUtils.h in Headers */,
				CEA883DA1C1915A8008D871B /* SFSmartStoreDatabaseManager.h in Headers */,
				CEA883D11C1915A8008D871B /* SFAlterSoupLongOperation.h in Headers */,
				CEA883DC1C1915A8008D871B /* SFSmartStoreDatabaseManager+Internal.h in Headers */,
				CEA883D31C1915A8008D871B /* SFQuerySpec.h in Headers */,
				CEA883DD1C1915A8008D871B /* SFSmartStoreInspectorViewController.h in Headers */,
				CEA883E11C1915A8008D871B /* SFSmartStoreUpgrade+Internal.h in Headers */,
				CEA883D51C1915A8008D871B /* SFSmartSqlHelper.h in Headers */,
				828917961C52B715002F9981 /* FMResultSet.h in Headers */,
				CEA883CE1C191595008D871B /* SmartStore.h in Headers */,
				828917901C52B715002F9981 /* FMDatabaseAdditions.h in Headers */,
				828917941C52B715002F9981 /* FMDatabaseQueue.h in Headers */,
				CEA883D71C1915A8008D871B /* SFSmartStore.h in Headers */,
				8289178E1C52B715002F9981 /* FMDatabase.h in Headers */,
				CEA883D91C1915A8008D871B /* SFSmartStore+Internal.h in Headers */,
				CEA883E61C1915A8008D871B /* SFStoreCursor.h in Headers */,
				C03DE7D81D1B298900BFA6BD /* SFSoupSpec+Internal.h in Headers */,
				CEA883DF1C1915A8008D871B /* SFSmartStoreUpgrade.h in Headers */,
				CEA883E81C1915A8008D871B /* SmartStoreSDKManager.h in Headers */,
				CEA883E41C1915A8008D871B /* SFSoupIndex.h in Headers */,
				FDCEC6DE28140A9E55B3A04E /* SFSDKStoreConfig.h in Headers */,
			);
			runOnlyForDeploymentPostprocessing = 0;
		};
/* End PBXHeadersBuildPhase section */

/* Begin PBXNativeTarget section */
		4F06AF081C499EB600F70798 /* SmartStoreTestApp */ = {
			isa = PBXNativeTarget;
			buildConfigurationList = 4F06AF221C499EB600F70798 /* Build configuration list for PBXNativeTarget "SmartStoreTestApp" */;
			buildPhases = (
				4F06AF051C499EB600F70798 /* Sources */,
				4F06AF061C499EB600F70798 /* Frameworks */,
				4F06AF071C499EB600F70798 /* Resources */,
				4F06AFF21C49D53D00F70798 /* Embed Frameworks */,
			);
			buildRules = (
			);
			dependencies = (
				4F06AFDA1C49CBD100F70798 /* PBXTargetDependency */,
			);
			name = SmartStoreTestApp;
			productName = SmartStoreTestApp;
			productReference = 4F06AF091C499EB600F70798 /* SmartStoreTestApp.app */;
			productType = "com.apple.product-type.application";
		};
		CE4CE2B81C0E4581009F6029 /* SmartStore */ = {
			isa = PBXNativeTarget;
			buildConfigurationList = CE4CE2C31C0E4581009F6029 /* Build configuration list for PBXNativeTarget "SmartStore" */;
			buildPhases = (
				CE4CE2B41C0E4581009F6029 /* Sources */,
				CE4CE2B51C0E4581009F6029 /* Frameworks */,
				CE4CE2B61C0E4581009F6029 /* Headers */,
				CE4CE4F71C0E6DB9009F6029 /* ShellScript */,
				CE4CE4FE1C0E6E4D009F6029 /* ShellScript */,
			);
			buildRules = (
			);
			dependencies = (
				828917AA1C52DA23002F9981 /* PBXTargetDependency */,
			);
			name = SmartStore;
			productName = SmartStore;
			productReference = CE4CE2B91C0E4581009F6029 /* SmartStore.framework */;
			productType = "com.apple.product-type.framework";
		};
		CEA883B91C1914DE008D871B /* SmartStoreStatic */ = {
			isa = PBXNativeTarget;
			buildConfigurationList = CEA883C51C1914DE008D871B /* Build configuration list for PBXNativeTarget "SmartStoreStatic" */;
			buildPhases = (
				CEA883B61C1914DE008D871B /* Sources */,
				CEA883B71C1914DE008D871B /* Frameworks */,
				CEA883C61C19155B008D871B /* Headers */,
			);
			buildRules = (
			);
			dependencies = (
				828918041C530D0B002F9981 /* PBXTargetDependency */,
			);
			name = SmartStoreStatic;
			productName = SmartStoreStatic;
			productReference = CEA883BA1C1914DE008D871B /* libSmartStore.a */;
			productType = "com.apple.product-type.library.static";
		};
		CEAAAE54195911E600CBBFE9 /* SmartStoreTests */ = {
			isa = PBXNativeTarget;
			buildConfigurationList = CEAAAE6B195911E600CBBFE9 /* Build configuration list for PBXNativeTarget "SmartStoreTests" */;
			buildPhases = (
				CEAAAE51195911E600CBBFE9 /* Sources */,
				CEAAAE52195911E600CBBFE9 /* Frameworks */,
				CEAAAE53195911E600CBBFE9 /* Resources */,
			);
			buildRules = (
			);
			dependencies = (
				4F06AF291C499F5000F70798 /* PBXTargetDependency */,
			);
			name = SmartStoreTests;
			productName = SmartStoreTests;
			productReference = CEAAAE55195911E600CBBFE9 /* SmartStoreTests.xctest */;
			productType = "com.apple.product-type.bundle.unit-test";
		};
/* End PBXNativeTarget section */

/* Begin PBXProject section */
		CEAAAE3D195911E600CBBFE9 /* Project object */ = {
			isa = PBXProject;
			attributes = {
				LastUpgradeCheck = 0930;
				ORGANIZATIONNAME = "Salesforce Inc.";
				TargetAttributes = {
					4F06AF081C499EB600F70798 = {
						CreatedOnToolsVersion = 7.2;
						ProvisioningStyle = Manual;
						SystemCapabilities = {
							com.apple.Keychain = {
								enabled = 1;
							};
						};
					};
					CE4CE2B81C0E4581009F6029 = {
						CreatedOnToolsVersion = 7.1;
					};
					CEA883B91C1914DE008D871B = {
						CreatedOnToolsVersion = 7.1;
					};
					CEAAAE54195911E600CBBFE9 = {
						TestTargetID = 4F06AF081C499EB600F70798;
					};
				};
			};
			buildConfigurationList = CEAAAE40195911E600CBBFE9 /* Build configuration list for PBXProject "SmartStore" */;
			compatibilityVersion = "Xcode 8.0";
			developmentRegion = English;
			hasScannedForEncodings = 0;
			knownRegions = (
				en,
				Base,
			);
			mainGroup = CEAAAE3C195911E600CBBFE9;
			productRefGroup = CEAAAE46195911E600CBBFE9 /* Products */;
			projectDirPath = "";
			projectReferences = (
				{
					ProductGroup = 828917991C52D9BC002F9981 /* Products */;
					ProjectRef = 828917981C52D9BC002F9981 /* SalesforceSDKCore.xcodeproj */;
				},
			);
			projectRoot = "";
			targets = (
				CE4CE2B81C0E4581009F6029 /* SmartStore */,
				4F06AF081C499EB600F70798 /* SmartStoreTestApp */,
				CEAAAE54195911E600CBBFE9 /* SmartStoreTests */,
				CEAAAE75195A181000CBBFE9 /* Documentation */,
				CEA883B91C1914DE008D871B /* SmartStoreStatic */,
			);
		};
/* End PBXProject section */

/* Begin PBXReferenceProxy section */
		828917A11C52D9BC002F9981 /* SalesforceSDKCore.framework */ = {
			isa = PBXReferenceProxy;
			fileType = wrapper.framework;
			path = SalesforceSDKCore.framework;
			remoteRef = 828917A01C52D9BC002F9981 /* PBXContainerItemProxy */;
			sourceTree = BUILT_PRODUCTS_DIR;
		};
		828917A31C52D9BC002F9981 /* SalesforceSDKCoreTestApp.app */ = {
			isa = PBXReferenceProxy;
			fileType = wrapper.application;
			path = SalesforceSDKCoreTestApp.app;
			remoteRef = 828917A21C52D9BC002F9981 /* PBXContainerItemProxy */;
			sourceTree = BUILT_PRODUCTS_DIR;
		};
		828917A51C52D9BC002F9981 /* SalesforceSDKCoreTests.xctest */ = {
			isa = PBXReferenceProxy;
			fileType = wrapper.cfbundle;
			path = SalesforceSDKCoreTests.xctest;
			remoteRef = 828917A41C52D9BC002F9981 /* PBXContainerItemProxy */;
			sourceTree = BUILT_PRODUCTS_DIR;
		};
		828917A71C52D9BC002F9981 /* libSalesforceSDKCore.a */ = {
			isa = PBXReferenceProxy;
			fileType = archive.ar;
			path = libSalesforceSDKCore.a;
			remoteRef = 828917A61C52D9BC002F9981 /* PBXContainerItemProxy */;
			sourceTree = BUILT_PRODUCTS_DIR;
		};
/* End PBXReferenceProxy section */

/* Begin PBXResourcesBuildPhase section */
		4F06AF071C499EB600F70798 /* Resources */ = {
			isa = PBXResourcesBuildPhase;
			buildActionMask = 2147483647;
			files = (
				4FAB7D7E1F8D88C100226249 /* globalstore.json in Resources */,
				4F06AF1B1C499EB600F70798 /* LaunchScreen.storyboard in Resources */,
				4F06AF181C499EB600F70798 /* Assets.xcassets in Resources */,
				4FAB7D791F8D888400226249 /* userstore.json in Resources */,
				4F06AF161C499EB600F70798 /* Main.storyboard in Resources */,
			);
			runOnlyForDeploymentPostprocessing = 0;
		};
		CEAAAE53195911E600CBBFE9 /* Resources */ = {
			isa = PBXResourcesBuildPhase;
			buildActionMask = 2147483647;
			files = (
				4FFEE6351BFE98E100B7AA8A /* InfoPlist.strings in Resources */,
			);
			runOnlyForDeploymentPostprocessing = 0;
		};
/* End PBXResourcesBuildPhase section */

/* Begin PBXShellScriptBuildPhase section */
		CE4CE4F71C0E6DB9009F6029 /* ShellScript */ = {
			isa = PBXShellScriptBuildPhase;
			buildActionMask = 2147483647;
			files = (
			);
			inputPaths = (
			);
			outputPaths = (
			);
			runOnlyForDeploymentPostprocessing = 0;
			shellPath = /bin/sh;
			shellScript = "\"$SRCROOT/../../shared/common/build/tools/generate_headers.sh\" -o \"$TARGET_BUILD_DIR/$PRODUCT_NAME.framework/Headers/$PRODUCT_NAME.h\" -u \"$SRCROOT/$TARGET_NAME/$TARGET_NAME.h\"";
		};
		CE4CE4FE1C0E6E4D009F6029 /* ShellScript */ = {
			isa = PBXShellScriptBuildPhase;
			buildActionMask = 2147483647;
			files = (
			);
			inputPaths = (
			);
			outputPaths = (
			);
			runOnlyForDeploymentPostprocessing = 0;
			shellPath = /bin/sh;
			shellScript = "\"${PROJECT_DIR}/../../shared/common/build/tools/update_podspec_headers.sh\" -s smartstore";
		};
		CEAAAE79195A184100CBBFE9 /* ShellScript */ = {
			isa = PBXShellScriptBuildPhase;
			buildActionMask = 2147483647;
			files = (
			);
			inputPaths = (
			);
			outputPaths = (
			);
			runOnlyForDeploymentPostprocessing = 0;
			shellPath = /bin/sh;
			shellScript = "docOutputDir=\"${PROJECT_DIR}/../../build/artifacts/doc/build_out/${PROJECT_NAME}\"\nif [ ! -d \"$docOutputDir\" ]; then\nmkdir -p \"$docOutputDir\"\nfi\n\n/usr/bin/headerdoc2html \\\n-o \"$docOutputDir\" \\\n${PROJECT_DIR}/SmartStore/ -j -C -L -N -Q -t --tocformat=\"default\"";
		};
/* End PBXShellScriptBuildPhase section */

/* Begin PBXSourcesBuildPhase section */
		4F06AF051C499EB600F70798 /* Sources */ = {
			isa = PBXSourcesBuildPhase;
			buildActionMask = 2147483647;
			files = (
				4F06AF131C499EB600F70798 /* ViewController.m in Sources */,
				4F06AF101C499EB600F70798 /* AppDelegate.m in Sources */,
				4F06AF0D1C499EB600F70798 /* main.m in Sources */,
			);
			runOnlyForDeploymentPostprocessing = 0;
		};
		CE4CE2B41C0E4581009F6029 /* Sources */ = {
			isa = PBXSourcesBuildPhase;
			buildActionMask = 2147483647;
			files = (
				CE4CE40C1C0E59DA009F6029 /* SFAlterSoupLongOperation.m in Sources */,
				CE4CE4211C0E59DA009F6029 /* SFStoreCursor.m in Sources */,
				CE4CE4181C0E59DA009F6029 /* SFSmartStoreInspectorViewController.m in Sources */,
				CE682C811F01B5E3003C43C0 /* SFSDKSmartStoreLogger.m in Sources */,
				828917851C52B705002F9981 /* FMDatabase.m in Sources */,
				CE4CE4121C0E59DA009F6029 /* SFSmartStore.m in Sources */,
				8289178B1C52B705002F9981 /* FMDatabaseQueue.m in Sources */,
				8289178D1C52B705002F9981 /* FMResultSet.m in Sources */,
				CE4CE4101C0E59DA009F6029 /* SFSmartSqlHelper.m in Sources */,
				CE4CE41F1C0E59DA009F6029 /* SFSoupIndex.m in Sources */,
				CE4CE4151C0E59DA009F6029 /* SFSmartStoreDatabaseManager.m in Sources */,
				828917871C52B705002F9981 /* FMDatabaseAdditions.m in Sources */,
				C03DE7D11D1B296400BFA6BD /* SFSoupSpec.m in Sources */,
				4F883C7B1C1627BD007D4BAE /* SmartStoreSDKManager.m in Sources */,
				CE4CE41A1C0E59DA009F6029 /* SFSmartStoreUpgrade.m in Sources */,
				828917891C52B705002F9981 /* FMDatabasePool.m in Sources */,
				CE4CE40E1C0E59DA009F6029 /* SFQuerySpec.m in Sources */,
				CE4CE41D1C0E59DA009F6029 /* SFSmartStoreUtils.m in Sources */,
				FDCEC343F565157E01DA4FCC /* SFSDKStoreConfig.m in Sources */,
			);
			runOnlyForDeploymentPostprocessing = 0;
		};
		CEA883B61C1914DE008D871B /* Sources */ = {
			isa = PBXSourcesBuildPhase;
			buildActionMask = 2147483647;
			files = (
				CEA883D21C1915A8008D871B /* SFAlterSoupLongOperation.m in Sources */,
				CEA883E71C1915A8008D871B /* SFStoreCursor.m in Sources */,
				CEA883DE1C1915A8008D871B /* SFSmartStoreInspectorViewController.m in Sources */,
				CE682C861F01B658003C43C0 /* SFSDKSmartStoreLogger.m in Sources */,
				8289178F1C52B715002F9981 /* FMDatabase.m in Sources */,
				CEA883D81C1915A8008D871B /* SFSmartStore.m in Sources */,
				828917951C52B715002F9981 /* FMDatabaseQueue.m in Sources */,
				828917971C52B715002F9981 /* FMResultSet.m in Sources */,
				CEA883D61C1915A8008D871B /* SFSmartSqlHelper.m in Sources */,
				CEA883E51C1915A8008D871B /* SFSoupIndex.m in Sources */,
				CEA883DB1C1915A8008D871B /* SFSmartStoreDatabaseManager.m in Sources */,
				828917911C52B715002F9981 /* FMDatabaseAdditions.m in Sources */,
				C03DE7D91D1B29A500BFA6BD /* SFSoupSpec.m in Sources */,
				CEA883E91C1915A8008D871B /* SmartStoreSDKManager.m in Sources */,
				CEA883E01C1915A8008D871B /* SFSmartStoreUpgrade.m in Sources */,
				828917931C52B715002F9981 /* FMDatabasePool.m in Sources */,
				CEA883D41C1915A8008D871B /* SFQuerySpec.m in Sources */,
				CEA883E31C1915A8008D871B /* SFSmartStoreUtils.m in Sources */,
				FDCECF4A428DEAE8F0E9E092 /* SFSDKStoreConfig.m in Sources */,
			);
			runOnlyForDeploymentPostprocessing = 0;
		};
		CEAAAE51195911E600CBBFE9 /* Sources */ = {
			isa = PBXSourcesBuildPhase;
			buildActionMask = 2147483647;
			files = (
				4FEE44891BFD5CDC00F09C43 /* SFSmartStoreTestCase.m in Sources */,
				4FAB7D811F8D8C3C00226249 /* SFSDKStoreConfigTests.m in Sources */,
				4FEE44851BFD5CCC00F09C43 /* SFSmartSqlWithExternalStorageTests.m in Sources */,
				B7DD6CE61DC178D0004C04F4 /* SFMultipleSmartStoresTests.m in Sources */,
				4FF4DC671CF51D9300385C2C /* SFQuerySpecTests.m in Sources */,
				4FEE44861BFD5CD200F09C43 /* SFSmartStoreAlterTests.m in Sources */,
				4F99B53C1CEA81A6007BC4D2 /* SFSmartStoreLoadTests.m in Sources */,
				4F51C9F11D35ACE500100D66 /* SFSmartStoreFTSWithExternalStorageTests.m in Sources */,
				C03DE7E11D1B6B8E00BFA6BD /* SFSmartSqlTests.m in Sources */,
				4FEE44881BFD5CD900F09C43 /* SFSmartStoreFullTextSearchTests.m in Sources */,
				C03DE7DB1D1B44D000BFA6BD /* SFSmartStoreWithExternalStorageTests.m in Sources */,
				4FEE448A1BFD5CE500F09C43 /* SFSmartStoreTests.m in Sources */,
				4FEE44871BFD5CD500F09C43 /* SFSmartStoreFullTextSearchSpeedTests.m in Sources */,
			);
			runOnlyForDeploymentPostprocessing = 0;
		};
/* End PBXSourcesBuildPhase section */

/* Begin PBXTargetDependency section */
		4F06AF291C499F5000F70798 /* PBXTargetDependency */ = {
			isa = PBXTargetDependency;
			target = 4F06AF081C499EB600F70798 /* SmartStoreTestApp */;
			targetProxy = 4F06AF281C499F5000F70798 /* PBXContainerItemProxy */;
		};
		4F06AFDA1C49CBD100F70798 /* PBXTargetDependency */ = {
			isa = PBXTargetDependency;
			target = CE4CE2B81C0E4581009F6029 /* SmartStore */;
			targetProxy = 4F06AFD91C49CBD100F70798 /* PBXContainerItemProxy */;
		};
		828917AA1C52DA23002F9981 /* PBXTargetDependency */ = {
			isa = PBXTargetDependency;
			name = SalesforceSDKCore;
			targetProxy = 828917A91C52DA23002F9981 /* PBXContainerItemProxy */;
		};
		828918041C530D0B002F9981 /* PBXTargetDependency */ = {
			isa = PBXTargetDependency;
			name = SalesforceSDKCoreStatic;
			targetProxy = 828918031C530D0B002F9981 /* PBXContainerItemProxy */;
		};
/* End PBXTargetDependency section */

/* Begin PBXVariantGroup section */
		4F06AF141C499EB600F70798 /* Main.storyboard */ = {
			isa = PBXVariantGroup;
			children = (
				4F06AF151C499EB600F70798 /* Base */,
			);
			name = Main.storyboard;
			sourceTree = "<group>";
		};
		4F06AF191C499EB600F70798 /* LaunchScreen.storyboard */ = {
			isa = PBXVariantGroup;
			children = (
				4F06AF1A1C499EB600F70798 /* Base */,
			);
			name = LaunchScreen.storyboard;
			sourceTree = "<group>";
		};
		CEAAAE61195911E600CBBFE9 /* InfoPlist.strings */ = {
			isa = PBXVariantGroup;
			children = (
				CEAAAE62195911E600CBBFE9 /* en */,
			);
			name = InfoPlist.strings;
			sourceTree = "<group>";
		};
/* End PBXVariantGroup section */

/* Begin XCBuildConfiguration section */
		4F06AF1D1C499EB600F70798 /* Debug */ = {
			isa = XCBuildConfiguration;
			buildSettings = {
				ASSETCATALOG_COMPILER_APPICON_NAME = AppIcon;
				CLANG_WARN_UNREACHABLE_CODE = YES;
				CODE_SIGN_ENTITLEMENTS = SmartStoreTestApp/SmartStoreTestApp.entitlements;
				"CODE_SIGN_IDENTITY[sdk=iphoneos*]" = "iPhone Developer";
				CODE_SIGN_STYLE = Manual;
				DEBUG_INFORMATION_FORMAT = dwarf;
				DEVELOPMENT_TEAM = "";
				ENABLE_STRICT_OBJC_MSGSEND = YES;
				GCC_NO_COMMON_BLOCKS = YES;
				INFOPLIST_FILE = SmartStoreTestApp/Info.plist;
				IPHONEOS_DEPLOYMENT_TARGET = 10.0;
				LD_RUNPATH_SEARCH_PATHS = "$(inherited) @executable_path/Frameworks";
				MTL_ENABLE_DEBUG_INFO = YES;
				PRODUCT_BUNDLE_IDENTIFIER = com.salesforce.SmartStoreTestApp;
				PRODUCT_NAME = "$(TARGET_NAME)";
				PROVISIONING_PROFILE_SPECIFIER = "";
				TARGETED_DEVICE_FAMILY = "1,2";
			};
			name = Debug;
		};
		4F06AF1E1C499EB600F70798 /* Release */ = {
			isa = XCBuildConfiguration;
			buildSettings = {
				ASSETCATALOG_COMPILER_APPICON_NAME = AppIcon;
				CLANG_WARN_UNREACHABLE_CODE = YES;
				CODE_SIGN_ENTITLEMENTS = SmartStoreTestApp/SmartStoreTestApp.entitlements;
				"CODE_SIGN_IDENTITY[sdk=iphoneos*]" = "iPhone Developer";
				CODE_SIGN_STYLE = Manual;
				COPY_PHASE_STRIP = NO;
				DEBUG_INFORMATION_FORMAT = "dwarf-with-dsym";
				DEVELOPMENT_TEAM = "";
				ENABLE_STRICT_OBJC_MSGSEND = YES;
				GCC_NO_COMMON_BLOCKS = YES;
				INFOPLIST_FILE = SmartStoreTestApp/Info.plist;
				IPHONEOS_DEPLOYMENT_TARGET = 10.0;
				LD_RUNPATH_SEARCH_PATHS = "$(inherited) @executable_path/Frameworks";
				MTL_ENABLE_DEBUG_INFO = NO;
				PRODUCT_BUNDLE_IDENTIFIER = com.salesforce.SmartStoreTestApp;
				PRODUCT_NAME = "$(TARGET_NAME)";
				PROVISIONING_PROFILE_SPECIFIER = "";
				TARGETED_DEVICE_FAMILY = "1,2";
			};
			name = Release;
		};
		CE4CE2BE1C0E4581009F6029 /* Debug */ = {
			isa = XCBuildConfiguration;
			baseConfigurationReference = CECB66231C1BB886008038AE /* SmartStore-Dynamic-iOS-Debug.xcconfig */;
			buildSettings = {
				BUILD_VERSION_SUFFIX = "";
				CLANG_ANALYZER_NONNULL = YES;
				CLANG_WARN_UNREACHABLE_CODE = YES;
				DEBUG_INFORMATION_FORMAT = dwarf;
				DEFINES_MODULE = YES;
				DYLIB_COMPATIBILITY_VERSION = 1;
				DYLIB_CURRENT_VERSION = 1;
				DYLIB_INSTALL_NAME_BASE = "@rpath";
				ENABLE_STRICT_OBJC_MSGSEND = YES;
				GCC_NO_COMMON_BLOCKS = YES;
				INFOPLIST_FILE = SmartStore/Info.plist;
				INSTALL_PATH = "$(LOCAL_LIBRARY_DIR)/Frameworks";
				IPHONEOS_DEPLOYMENT_TARGET = 10.0;
				LD_RUNPATH_SEARCH_PATHS = "$(inherited) @executable_path/Frameworks @loader_path/Frameworks";
				MTL_ENABLE_DEBUG_INFO = YES;
				PRODUCT_BUNDLE_IDENTIFIER = com.salesforce.mobilesdk.SmartStore;
				PRODUCT_NAME = "$(TARGET_NAME)";
				SKIP_INSTALL = YES;
				TARGETED_DEVICE_FAMILY = "1,2";
				VERSIONING_SYSTEM = "apple-generic";
				VERSION_INFO_PREFIX = "";
			};
			name = Debug;
		};
		CE4CE2BF1C0E4581009F6029 /* Release */ = {
			isa = XCBuildConfiguration;
			baseConfigurationReference = CECB66241C1BB886008038AE /* SmartStore-Dynamic-iOS-Release.xcconfig */;
			buildSettings = {
				BUILD_VERSION_SUFFIX = "";
				CLANG_ANALYZER_NONNULL = YES;
				CLANG_WARN_UNREACHABLE_CODE = YES;
				COPY_PHASE_STRIP = NO;
				DEBUG_INFORMATION_FORMAT = "dwarf-with-dsym";
				DEFINES_MODULE = YES;
				DYLIB_COMPATIBILITY_VERSION = 1;
				DYLIB_CURRENT_VERSION = 1;
				DYLIB_INSTALL_NAME_BASE = "@rpath";
				ENABLE_STRICT_OBJC_MSGSEND = YES;
				GCC_NO_COMMON_BLOCKS = YES;
				INFOPLIST_FILE = SmartStore/Info.plist;
				INSTALL_PATH = "$(LOCAL_LIBRARY_DIR)/Frameworks";
				IPHONEOS_DEPLOYMENT_TARGET = 10.0;
				LD_RUNPATH_SEARCH_PATHS = "$(inherited) @executable_path/Frameworks @loader_path/Frameworks";
				MTL_ENABLE_DEBUG_INFO = NO;
				PRODUCT_BUNDLE_IDENTIFIER = com.salesforce.mobilesdk.SmartStore;
				PRODUCT_NAME = "$(TARGET_NAME)";
				SKIP_INSTALL = YES;
				TARGETED_DEVICE_FAMILY = "1,2";
				VERSIONING_SYSTEM = "apple-generic";
				VERSION_INFO_PREFIX = "";
			};
			name = Release;
		};
		CEA883C01C1914DE008D871B /* Debug */ = {
			isa = XCBuildConfiguration;
			baseConfigurationReference = 4F96FC4E1BFD31EF0022F021 /* SmartStore-Static-iOS-Debug.xcconfig */;
			buildSettings = {
				CLANG_WARN_UNREACHABLE_CODE = YES;
				"CODE_SIGN_IDENTITY[sdk=iphoneos*]" = "iPhone Developer";
				DEBUG_INFORMATION_FORMAT = dwarf;
				ENABLE_STRICT_OBJC_MSGSEND = YES;
				GCC_NO_COMMON_BLOCKS = YES;
				IPHONEOS_DEPLOYMENT_TARGET = 10.0;
				MTL_ENABLE_DEBUG_INFO = YES;
				OTHER_LDFLAGS = (
					"$(inherited)",
					"-lz",
				);
				PRODUCT_BUNDLE_IDENTIFIER = com.salesforce.mobilesdk.SmartStore;
				PRODUCT_NAME = SmartStore;
				SKIP_INSTALL = YES;
			};
			name = Debug;
		};
		CEA883C11C1914DE008D871B /* Release */ = {
			isa = XCBuildConfiguration;
			baseConfigurationReference = 4F96FC4F1BFD31EF0022F021 /* SmartStore-Static-iOS-Release.xcconfig */;
			buildSettings = {
				CLANG_WARN_UNREACHABLE_CODE = YES;
				"CODE_SIGN_IDENTITY[sdk=iphoneos*]" = "iPhone Developer";
				COPY_PHASE_STRIP = NO;
				DEBUG_INFORMATION_FORMAT = "dwarf-with-dsym";
				ENABLE_STRICT_OBJC_MSGSEND = YES;
				GCC_NO_COMMON_BLOCKS = YES;
				IPHONEOS_DEPLOYMENT_TARGET = 10.0;
				MTL_ENABLE_DEBUG_INFO = NO;
				OTHER_LDFLAGS = (
					"$(inherited)",
					"-lz",
				);
				PRODUCT_BUNDLE_IDENTIFIER = com.salesforce.mobilesdk.SmartStore;
				PRODUCT_NAME = SmartStore;
				SKIP_INSTALL = YES;
			};
			name = Release;
		};
		CEAAAE66195911E600CBBFE9 /* Debug */ = {
			isa = XCBuildConfiguration;
			buildSettings = {
				ALWAYS_SEARCH_USER_PATHS = NO;
				APPLICATION_EXTENSION_API_ONLY = YES;
				CLANG_CXX_LANGUAGE_STANDARD = "gnu++0x";
				CLANG_CXX_LIBRARY = "libc++";
				CLANG_ENABLE_MODULES = YES;
				CLANG_ENABLE_OBJC_ARC = YES;
				CLANG_WARN_BLOCK_CAPTURE_AUTORELEASING = YES;
				CLANG_WARN_BOOL_CONVERSION = YES;
				CLANG_WARN_COMMA = YES;
				CLANG_WARN_CONSTANT_CONVERSION = YES;
				CLANG_WARN_DEPRECATED_OBJC_IMPLEMENTATIONS = YES;
				CLANG_WARN_DIRECT_OBJC_ISA_USAGE = YES_ERROR;
				CLANG_WARN_EMPTY_BODY = YES;
				CLANG_WARN_ENUM_CONVERSION = YES;
				CLANG_WARN_INFINITE_RECURSION = YES;
				CLANG_WARN_INT_CONVERSION = YES;
				CLANG_WARN_NON_LITERAL_NULL_CONVERSION = YES;
				CLANG_WARN_OBJC_IMPLICIT_RETAIN_SELF = YES;
				CLANG_WARN_OBJC_LITERAL_CONVERSION = YES;
				CLANG_WARN_OBJC_ROOT_CLASS = YES_ERROR;
				CLANG_WARN_RANGE_LOOP_ANALYSIS = YES;
				CLANG_WARN_STRICT_PROTOTYPES = YES;
				CLANG_WARN_SUSPICIOUS_MOVE = YES;
				CLANG_WARN_UNREACHABLE_CODE = YES;
				CLANG_WARN__DUPLICATE_METHOD_MATCH = YES;
				COPY_PHASE_STRIP = NO;
				ENABLE_STRICT_OBJC_MSGSEND = YES;
				ENABLE_TESTABILITY = YES;
				GCC_C_LANGUAGE_STANDARD = gnu99;
				GCC_DYNAMIC_NO_PIC = NO;
				GCC_NO_COMMON_BLOCKS = YES;
				GCC_OPTIMIZATION_LEVEL = 0;
				GCC_PREPROCESSOR_DEFINITIONS = (
					"DEBUG=1",
					"$(inherited)",
				);
				GCC_SYMBOLS_PRIVATE_EXTERN = NO;
				GCC_WARN_64_TO_32_BIT_CONVERSION = YES;
				GCC_WARN_ABOUT_RETURN_TYPE = YES_ERROR;
				GCC_WARN_UNDECLARED_SELECTOR = YES;
				GCC_WARN_UNINITIALIZED_AUTOS = YES_AGGRESSIVE;
				GCC_WARN_UNUSED_FUNCTION = YES;
				GCC_WARN_UNUSED_VARIABLE = YES;
				IPHONEOS_DEPLOYMENT_TARGET = 10.0;
				ONLY_ACTIVE_ARCH = YES;
				SDKROOT = iphoneos;
			};
			name = Debug;
		};
		CEAAAE67195911E600CBBFE9 /* Release */ = {
			isa = XCBuildConfiguration;
			buildSettings = {
				ALWAYS_SEARCH_USER_PATHS = NO;
				APPLICATION_EXTENSION_API_ONLY = YES;
				CLANG_CXX_LANGUAGE_STANDARD = "gnu++0x";
				CLANG_CXX_LIBRARY = "libc++";
				CLANG_ENABLE_MODULES = YES;
				CLANG_ENABLE_OBJC_ARC = YES;
				CLANG_WARN_BLOCK_CAPTURE_AUTORELEASING = YES;
				CLANG_WARN_BOOL_CONVERSION = YES;
				CLANG_WARN_COMMA = YES;
				CLANG_WARN_CONSTANT_CONVERSION = YES;
				CLANG_WARN_DEPRECATED_OBJC_IMPLEMENTATIONS = YES;
				CLANG_WARN_DIRECT_OBJC_ISA_USAGE = YES_ERROR;
				CLANG_WARN_EMPTY_BODY = YES;
				CLANG_WARN_ENUM_CONVERSION = YES;
				CLANG_WARN_INFINITE_RECURSION = YES;
				CLANG_WARN_INT_CONVERSION = YES;
				CLANG_WARN_NON_LITERAL_NULL_CONVERSION = YES;
				CLANG_WARN_OBJC_IMPLICIT_RETAIN_SELF = YES;
				CLANG_WARN_OBJC_LITERAL_CONVERSION = YES;
				CLANG_WARN_OBJC_ROOT_CLASS = YES_ERROR;
				CLANG_WARN_RANGE_LOOP_ANALYSIS = YES;
				CLANG_WARN_STRICT_PROTOTYPES = YES;
				CLANG_WARN_SUSPICIOUS_MOVE = YES;
				CLANG_WARN_UNREACHABLE_CODE = YES;
				CLANG_WARN__DUPLICATE_METHOD_MATCH = YES;
				COPY_PHASE_STRIP = YES;
				ENABLE_NS_ASSERTIONS = NO;
				ENABLE_STRICT_OBJC_MSGSEND = YES;
				GCC_C_LANGUAGE_STANDARD = gnu99;
				GCC_NO_COMMON_BLOCKS = YES;
				GCC_WARN_64_TO_32_BIT_CONVERSION = YES;
				GCC_WARN_ABOUT_RETURN_TYPE = YES_ERROR;
				GCC_WARN_UNDECLARED_SELECTOR = YES;
				GCC_WARN_UNINITIALIZED_AUTOS = YES_AGGRESSIVE;
				GCC_WARN_UNUSED_FUNCTION = YES;
				GCC_WARN_UNUSED_VARIABLE = YES;
				IPHONEOS_DEPLOYMENT_TARGET = 10.0;
				SDKROOT = iphoneos;
				VALIDATE_PRODUCT = YES;
			};
			name = Release;
		};
		CEAAAE6C195911E600CBBFE9 /* Debug */ = {
			isa = XCBuildConfiguration;
			baseConfigurationReference = 4F96FC501BFD31EF0022F021 /* SmartStore-Test.xcconfig */;
			buildSettings = {
				APPLICATION_EXTENSION_API_ONLY = NO;
				GCC_PRECOMPILE_PREFIX_HEADER = YES;
				GCC_PREFIX_HEADER = "SmartStore/SmartStore-Prefix.pch";
				GCC_PREPROCESSOR_DEFINITIONS = (
					"DEBUG=1",
					"$(inherited)",
				);
				INFOPLIST_FILE = "SmartStoreTests/SmartStoreTests-Info.plist";
				LD_RUNPATH_SEARCH_PATHS = "$(inherited) @executable_path/Frameworks @loader_path/Frameworks";
				OTHER_LDFLAGS = (
					"$(inherited)",
					"-framework",
					XCTest,
					"-ObjC",
				);
				PRODUCT_BUNDLE_IDENTIFIER = "com.salesforce.mobilesdk.${PRODUCT_NAME:rfc1034identifier}";
				PRODUCT_NAME = "$(TARGET_NAME)";
				TEST_HOST = "$(BUILT_PRODUCTS_DIR)/SmartStoreTestApp.app/SmartStoreTestApp";
				WRAPPER_EXTENSION = xctest;
			};
			name = Debug;
		};
		CEAAAE6D195911E600CBBFE9 /* Release */ = {
			isa = XCBuildConfiguration;
			baseConfigurationReference = 4F96FC501BFD31EF0022F021 /* SmartStore-Test.xcconfig */;
			buildSettings = {
				APPLICATION_EXTENSION_API_ONLY = NO;
				GCC_PRECOMPILE_PREFIX_HEADER = YES;
				GCC_PREFIX_HEADER = "SmartStore/SmartStore-Prefix.pch";
				INFOPLIST_FILE = "SmartStoreTests/SmartStoreTests-Info.plist";
				LD_RUNPATH_SEARCH_PATHS = "$(inherited) @executable_path/Frameworks @loader_path/Frameworks";
				OTHER_LDFLAGS = (
					"$(inherited)",
					"-framework",
					XCTest,
					"-ObjC",
				);
				PRODUCT_BUNDLE_IDENTIFIER = "com.salesforce.mobilesdk.${PRODUCT_NAME:rfc1034identifier}";
				PRODUCT_NAME = "$(TARGET_NAME)";
				TEST_HOST = "$(BUILT_PRODUCTS_DIR)/SmartStoreTestApp.app/SmartStoreTestApp";
				WRAPPER_EXTENSION = xctest;
			};
			name = Release;
		};
		CEAAAE77195A181000CBBFE9 /* Debug */ = {
			isa = XCBuildConfiguration;
			buildSettings = {
				PRODUCT_NAME = "$(TARGET_NAME)";
			};
			name = Debug;
		};
		CEAAAE78195A181000CBBFE9 /* Release */ = {
			isa = XCBuildConfiguration;
			buildSettings = {
				PRODUCT_NAME = "$(TARGET_NAME)";
			};
			name = Release;
		};
/* End XCBuildConfiguration section */

/* Begin XCConfigurationList section */
		4F06AF221C499EB600F70798 /* Build configuration list for PBXNativeTarget "SmartStoreTestApp" */ = {
			isa = XCConfigurationList;
			buildConfigurations = (
				4F06AF1D1C499EB600F70798 /* Debug */,
				4F06AF1E1C499EB600F70798 /* Release */,
			);
			defaultConfigurationIsVisible = 0;
			defaultConfigurationName = Release;
		};
		CE4CE2C31C0E4581009F6029 /* Build configuration list for PBXNativeTarget "SmartStore" */ = {
			isa = XCConfigurationList;
			buildConfigurations = (
				CE4CE2BE1C0E4581009F6029 /* Debug */,
				CE4CE2BF1C0E4581009F6029 /* Release */,
			);
			defaultConfigurationIsVisible = 0;
			defaultConfigurationName = Release;
		};
		CEA883C51C1914DE008D871B /* Build configuration list for PBXNativeTarget "SmartStoreStatic" */ = {
			isa = XCConfigurationList;
			buildConfigurations = (
				CEA883C01C1914DE008D871B /* Debug */,
				CEA883C11C1914DE008D871B /* Release */,
			);
			defaultConfigurationIsVisible = 0;
			defaultConfigurationName = Release;
		};
		CEAAAE40195911E600CBBFE9 /* Build configuration list for PBXProject "SmartStore" */ = {
			isa = XCConfigurationList;
			buildConfigurations = (
				CEAAAE66195911E600CBBFE9 /* Debug */,
				CEAAAE67195911E600CBBFE9 /* Release */,
			);
			defaultConfigurationIsVisible = 0;
			defaultConfigurationName = Release;
		};
		CEAAAE6B195911E600CBBFE9 /* Build configuration list for PBXNativeTarget "SmartStoreTests" */ = {
			isa = XCConfigurationList;
			buildConfigurations = (
				CEAAAE6C195911E600CBBFE9 /* Debug */,
				CEAAAE6D195911E600CBBFE9 /* Release */,
			);
			defaultConfigurationIsVisible = 0;
			defaultConfigurationName = Release;
		};
		CEAAAE76195A181000CBBFE9 /* Build configuration list for PBXAggregateTarget "Documentation" */ = {
			isa = XCConfigurationList;
			buildConfigurations = (
				CEAAAE77195A181000CBBFE9 /* Debug */,
				CEAAAE78195A181000CBBFE9 /* Release */,
			);
			defaultConfigurationIsVisible = 0;
			defaultConfigurationName = Release;
		};
/* End XCConfigurationList section */
	};
	rootObject = CEAAAE3D195911E600CBBFE9 /* Project object */;
}
